// !$*UTF8*$!
{
	archiveVersion = 1;
	classes = {
	};
	objectVersion = 52;
	objects = {

/* Begin PBXBuildFile section */
		01076DF32560985E009847D6 /* ViewController.swift in Sources */ = {isa = PBXBuildFile; fileRef = 017549D12534D99900487C74 /* ViewController.swift */; };
		01076DF52560985E009847D6 /* BaseViewController.swift in Sources */ = {isa = PBXBuildFile; fileRef = 01EFED7F255F170B00B50D05 /* BaseViewController.swift */; };
		01076DFC25609866009847D6 /* SettingManager.swift in Sources */ = {isa = PBXBuildFile; fileRef = 01EFED91255F273100B50D05 /* SettingManager.swift */; };
		01076DFD25609866009847D6 /* SettingsController.swift in Sources */ = {isa = PBXBuildFile; fileRef = 011AC42B2557373D0044980C /* SettingsController.swift */; };
		01076E0025609869009847D6 /* DeviceSecurityItem.swift in Sources */ = {isa = PBXBuildFile; fileRef = 01EFED83255F199200B50D05 /* DeviceSecurityItem.swift */; };
		01076E032560986B009847D6 /* PrivacyPolicyItem.swift in Sources */ = {isa = PBXBuildFile; fileRef = 011AC43F2557D2540044980C /* PrivacyPolicyItem.swift */; };
		01076E042560986B009847D6 /* AppVersionItem.swift in Sources */ = {isa = PBXBuildFile; fileRef = 011AC4452557D30F0044980C /* AppVersionItem.swift */; };
		01076E052560986B009847D6 /* SettingTableViewCell.swift in Sources */ = {isa = PBXBuildFile; fileRef = 01EFED95255F279F00B50D05 /* SettingTableViewCell.swift */; };
		01076E0925609872009847D6 /* CustomIdentifier.swift in Sources */ = {isa = PBXBuildFile; fileRef = 01754A2125351B8600487C74 /* CustomIdentifier.swift */; };
		01076E0A25609872009847D6 /* DeviceModelIdentifier.swift in Sources */ = {isa = PBXBuildFile; fileRef = 011AC40C255659C40044980C /* DeviceModelIdentifier.swift */; };
		01076E112560987D009847D6 /* pointer-white.json in Resources */ = {isa = PBXBuildFile; fileRef = 01EFEDA5255F52FF00B50D05 /* pointer-white.json */; };
		010AD0AF256789EF00B53B2A /* FirstTimeInstallationIdentifier.swift in Sources */ = {isa = PBXBuildFile; fileRef = 010AD0AE256789EF00B53B2A /* FirstTimeInstallationIdentifier.swift */; };
		010AD0B325678CD700B53B2A /* CellularIdentifier.swift in Sources */ = {isa = PBXBuildFile; fileRef = 010AD0B225678CD700B53B2A /* CellularIdentifier.swift */; };
		010F7B322634C467000EF36E /* InvystaUITests.swift in Sources */ = {isa = PBXBuildFile; fileRef = 010F7B312634C467000EF36E /* InvystaUITests.swift */; };
		011AC40D255659C40044980C /* DeviceModelIdentifier.swift in Sources */ = {isa = PBXBuildFile; fileRef = 011AC40C255659C40044980C /* DeviceModelIdentifier.swift */; };
		011AC42E2557373D0044980C /* SettingsController.swift in Sources */ = {isa = PBXBuildFile; fileRef = 011AC42B2557373D0044980C /* SettingsController.swift */; };
		011AC4402557D2540044980C /* PrivacyPolicyItem.swift in Sources */ = {isa = PBXBuildFile; fileRef = 011AC43F2557D2540044980C /* PrivacyPolicyItem.swift */; };
		011AC4462557D30F0044980C /* AppVersionItem.swift in Sources */ = {isa = PBXBuildFile; fileRef = 011AC4452557D30F0044980C /* AppVersionItem.swift */; };
		0123704625898093005C49A2 /* ActivityDetailViewController.swift in Sources */ = {isa = PBXBuildFile; fileRef = 0123704525898093005C49A2 /* ActivityDetailViewController.swift */; };
		012774D4255FDB05009C1B8D /* Lottie in Frameworks */ = {isa = PBXBuildFile; productRef = 012774D3255FDB05009C1B8D /* Lottie */; };
		012C3AB625BA3C8D003B2F5D /* RegisterViewController.swift in Sources */ = {isa = PBXBuildFile; fileRef = 012C3AB525BA3C8D003B2F5D /* RegisterViewController.swift */; };
		01443A452604564D004770D0 /* RegisterViewStoryboard.storyboard in Resources */ = {isa = PBXBuildFile; fileRef = 01443A442604564D004770D0 /* RegisterViewStoryboard.storyboard */; };
		01443A5A26055D85004770D0 /* IVUserDefaults.swift in Sources */ = {isa = PBXBuildFile; fileRef = 01443A5926055D85004770D0 /* IVUserDefaults.swift */; };
		01443A6026058E6C004770D0 /* NotificationKeys.swift in Sources */ = {isa = PBXBuildFile; fileRef = 01443A5F26058E6C004770D0 /* NotificationKeys.swift */; };
		014A6E3A2563378000264CE3 /* InvystaViewControllerTests.swift in Sources */ = {isa = PBXBuildFile; fileRef = 014A6E392563378000264CE3 /* InvystaViewControllerTests.swift */; };
		014AB32C2589972400645998 /* ActivitySettingsViewController.swift in Sources */ = {isa = PBXBuildFile; fileRef = 014AB32B2589972400645998 /* ActivitySettingsViewController.swift */; };
		0151864E25FC322C005CC78A /* PersistenceManager.swift in Sources */ = {isa = PBXBuildFile; fileRef = 0179666E2589764F00BF6932 /* PersistenceManager.swift */; };
		0151865425FC3236005CC78A /* SceneDelegate.swift in Sources */ = {isa = PBXBuildFile; fileRef = 017549CF2534D99900487C74 /* SceneDelegate.swift */; };
		0151865725FC34E0005CC78A /* ActivityViewController.swift in Sources */ = {isa = PBXBuildFile; fileRef = 0175301E2582F9B100822C03 /* ActivityViewController.swift */; };
		0151865A25FC34EA005CC78A /* ActivitySettingsViewController.swift in Sources */ = {isa = PBXBuildFile; fileRef = 014AB32B2589972400645998 /* ActivitySettingsViewController.swift */; };
		0151865D25FC34F9005CC78A /* ActivityManager.swift in Sources */ = {isa = PBXBuildFile; fileRef = 0179666A2589762E00BF6932 /* ActivityManager.swift */; };
		0151866025FC34FD005CC78A /* ActivityDetailViewController.swift in Sources */ = {isa = PBXBuildFile; fileRef = 0123704525898093005C49A2 /* ActivityDetailViewController.swift */; };
		01584C152612B9FA005E1366 /* InvystaCore in Frameworks */ = {isa = PBXBuildFile; productRef = 01584C142612B9FA005E1366 /* InvystaCore */; };
		016BC1462565A93B007F6054 /* DeviceCheckIdentifier.swift in Sources */ = {isa = PBXBuildFile; fileRef = 016BC1452565A93B007F6054 /* DeviceCheckIdentifier.swift */; };
		0175301F2582F9B100822C03 /* ActivityViewController.swift in Sources */ = {isa = PBXBuildFile; fileRef = 0175301E2582F9B100822C03 /* ActivityViewController.swift */; };
		017549CE2534D99900487C74 /* AppDelegate.swift in Sources */ = {isa = PBXBuildFile; fileRef = 017549CD2534D99900487C74 /* AppDelegate.swift */; };
		017549D02534D99900487C74 /* SceneDelegate.swift in Sources */ = {isa = PBXBuildFile; fileRef = 017549CF2534D99900487C74 /* SceneDelegate.swift */; };
		017549D22534D99900487C74 /* ViewController.swift in Sources */ = {isa = PBXBuildFile; fileRef = 017549D12534D99900487C74 /* ViewController.swift */; };
		017549D72534D99B00487C74 /* Assets.xcassets in Resources */ = {isa = PBXBuildFile; fileRef = 017549D62534D99B00487C74 /* Assets.xcassets */; };
		017549DA2534D99B00487C74 /* LaunchScreen.storyboard in Resources */ = {isa = PBXBuildFile; fileRef = 017549D82534D99B00487C74 /* LaunchScreen.storyboard */; };
		017549ED2534EF1900487C74 /* VendorIdentifier.swift in Sources */ = {isa = PBXBuildFile; fileRef = 017549EC2534EF1900487C74 /* VendorIdentifier.swift */; };
		017549F32534EF7600487C74 /* AccessibilityIdentifier.swift in Sources */ = {isa = PBXBuildFile; fileRef = 017549F22534EF7600487C74 /* AccessibilityIdentifier.swift */; };
		01754A032534F34A00487C74 /* InvystaNetworkTests.swift in Sources */ = {isa = PBXBuildFile; fileRef = 01754A022534F34A00487C74 /* InvystaNetworkTests.swift */; };
		01754A132534F35D00487C74 /* VendorIdentifier.swift in Sources */ = {isa = PBXBuildFile; fileRef = 017549EC2534EF1900487C74 /* VendorIdentifier.swift */; };
		01754A142534F35D00487C74 /* AccessibilityIdentifier.swift in Sources */ = {isa = PBXBuildFile; fileRef = 017549F22534EF7600487C74 /* AccessibilityIdentifier.swift */; };
		01754A2225351B8600487C74 /* CustomIdentifier.swift in Sources */ = {isa = PBXBuildFile; fileRef = 01754A2125351B8600487C74 /* CustomIdentifier.swift */; };
		0179666B2589762E00BF6932 /* ActivityManager.swift in Sources */ = {isa = PBXBuildFile; fileRef = 0179666A2589762E00BF6932 /* ActivityManager.swift */; };
		0179666F2589764F00BF6932 /* PersistenceManager.swift in Sources */ = {isa = PBXBuildFile; fileRef = 0179666E2589764F00BF6932 /* PersistenceManager.swift */; };
		01817368254372E80065DB52 /* loading.json in Resources */ = {isa = PBXBuildFile; fileRef = 01817367254372E80065DB52 /* loading.json */; };
		018355452568870D00F1D868 /* FirstTimeInstallationIdentifier.swift in Sources */ = {isa = PBXBuildFile; fileRef = 010AD0AE256789EF00B53B2A /* FirstTimeInstallationIdentifier.swift */; };
		018355462568870D00F1D868 /* DeviceCheckIdentifier.swift in Sources */ = {isa = PBXBuildFile; fileRef = 016BC1452565A93B007F6054 /* DeviceCheckIdentifier.swift */; };
		018355472568870D00F1D868 /* CellularIdentifier.swift in Sources */ = {isa = PBXBuildFile; fileRef = 010AD0B225678CD700B53B2A /* CellularIdentifier.swift */; };
		01AE631B257EB718005DECC6 /* Model.xcdatamodeld in Sources */ = {isa = PBXBuildFile; fileRef = 01AE6319257EB718005DECC6 /* Model.xcdatamodeld */; };
		01AE631C257EB718005DECC6 /* Model.xcdatamodeld in Sources */ = {isa = PBXBuildFile; fileRef = 01AE6319257EB718005DECC6 /* Model.xcdatamodeld */; };
		01E6017025F2EE71008D49F0 /* AuthenticationViewController.swift in Sources */ = {isa = PBXBuildFile; fileRef = 01E6016F25F2EE71008D49F0 /* AuthenticationViewController.swift */; };
		01ED2927255D04440033CAE2 /* pointer-black.json in Resources */ = {isa = PBXBuildFile; fileRef = 01ED2925255D04440033CAE2 /* pointer-black.json */; };
		01EFED80255F170B00B50D05 /* BaseViewController.swift in Sources */ = {isa = PBXBuildFile; fileRef = 01EFED7F255F170B00B50D05 /* BaseViewController.swift */; };
		01EFED84255F199200B50D05 /* DeviceSecurityItem.swift in Sources */ = {isa = PBXBuildFile; fileRef = 01EFED83255F199200B50D05 /* DeviceSecurityItem.swift */; };
		01EFED92255F273100B50D05 /* SettingManager.swift in Sources */ = {isa = PBXBuildFile; fileRef = 01EFED91255F273100B50D05 /* SettingManager.swift */; };
		01EFED96255F279F00B50D05 /* SettingTableViewCell.swift in Sources */ = {isa = PBXBuildFile; fileRef = 01EFED95255F279F00B50D05 /* SettingTableViewCell.swift */; };
		01EFEDA6255F52FF00B50D05 /* pointer-white.json in Resources */ = {isa = PBXBuildFile; fileRef = 01EFEDA5255F52FF00B50D05 /* pointer-white.json */; };
		01FF2B16260DB402006FA8A1 /* ReregisterDeviceItem.swift in Sources */ = {isa = PBXBuildFile; fileRef = 01FF2B15260DB402006FA8A1 /* ReregisterDeviceItem.swift */; };
		01FF2B1E260DB5F4006FA8A1 /* IdentifierType.swift in Sources */ = {isa = PBXBuildFile; fileRef = 01FF2B1D260DB5F4006FA8A1 /* IdentifierType.swift */; };
/* End PBXBuildFile section */

/* Begin PBXContainerItemProxy section */
		010F7B342634C468000EF36E /* PBXContainerItemProxy */ = {
			isa = PBXContainerItemProxy;
			containerPortal = 017549C22534D99900487C74 /* Project object */;
			proxyType = 1;
			remoteGlobalIDString = 017549C92534D99900487C74;
			remoteInfo = Invysta;
		};
		01754A052534F34A00487C74 /* PBXContainerItemProxy */ = {
			isa = PBXContainerItemProxy;
			containerPortal = 017549C22534D99900487C74 /* Project object */;
			proxyType = 1;
			remoteGlobalIDString = 017549C92534D99900487C74;
			remoteInfo = Invysta;
		};
/* End PBXContainerItemProxy section */

/* Begin PBXFileReference section */
		010AD0AE256789EF00B53B2A /* FirstTimeInstallationIdentifier.swift */ = {isa = PBXFileReference; lastKnownFileType = sourcecode.swift; path = FirstTimeInstallationIdentifier.swift; sourceTree = "<group>"; };
		010AD0B225678CD700B53B2A /* CellularIdentifier.swift */ = {isa = PBXFileReference; lastKnownFileType = sourcecode.swift; path = CellularIdentifier.swift; sourceTree = "<group>"; };
		010F7B2F2634C467000EF36E /* InvystaUITests.xctest */ = {isa = PBXFileReference; explicitFileType = wrapper.cfbundle; includeInIndex = 0; path = InvystaUITests.xctest; sourceTree = BUILT_PRODUCTS_DIR; };
		010F7B312634C467000EF36E /* InvystaUITests.swift */ = {isa = PBXFileReference; lastKnownFileType = sourcecode.swift; path = InvystaUITests.swift; sourceTree = "<group>"; };
		010F7B332634C468000EF36E /* Info.plist */ = {isa = PBXFileReference; lastKnownFileType = text.plist.xml; path = Info.plist; sourceTree = "<group>"; };
		011AC40C255659C40044980C /* DeviceModelIdentifier.swift */ = {isa = PBXFileReference; lastKnownFileType = sourcecode.swift; path = DeviceModelIdentifier.swift; sourceTree = "<group>"; };
		011AC42B2557373D0044980C /* SettingsController.swift */ = {isa = PBXFileReference; lastKnownFileType = sourcecode.swift; path = SettingsController.swift; sourceTree = "<group>"; };
		011AC43F2557D2540044980C /* PrivacyPolicyItem.swift */ = {isa = PBXFileReference; lastKnownFileType = sourcecode.swift; path = PrivacyPolicyItem.swift; sourceTree = "<group>"; };
		011AC4452557D30F0044980C /* AppVersionItem.swift */ = {isa = PBXFileReference; lastKnownFileType = sourcecode.swift; path = AppVersionItem.swift; sourceTree = "<group>"; };
		0123704525898093005C49A2 /* ActivityDetailViewController.swift */ = {isa = PBXFileReference; lastKnownFileType = sourcecode.swift; path = ActivityDetailViewController.swift; sourceTree = "<group>"; };
		012C3AB525BA3C8D003B2F5D /* RegisterViewController.swift */ = {isa = PBXFileReference; lastKnownFileType = sourcecode.swift; path = RegisterViewController.swift; sourceTree = "<group>"; };
		01443A442604564D004770D0 /* RegisterViewStoryboard.storyboard */ = {isa = PBXFileReference; lastKnownFileType = file.storyboard; path = RegisterViewStoryboard.storyboard; sourceTree = "<group>"; };
		01443A5926055D85004770D0 /* IVUserDefaults.swift */ = {isa = PBXFileReference; lastKnownFileType = sourcecode.swift; path = IVUserDefaults.swift; sourceTree = "<group>"; };
		01443A5F26058E6C004770D0 /* NotificationKeys.swift */ = {isa = PBXFileReference; lastKnownFileType = sourcecode.swift; path = NotificationKeys.swift; sourceTree = "<group>"; };
		014A6E392563378000264CE3 /* InvystaViewControllerTests.swift */ = {isa = PBXFileReference; lastKnownFileType = sourcecode.swift; path = InvystaViewControllerTests.swift; sourceTree = "<group>"; };
		014AB32B2589972400645998 /* ActivitySettingsViewController.swift */ = {isa = PBXFileReference; lastKnownFileType = sourcecode.swift; path = ActivitySettingsViewController.swift; sourceTree = "<group>"; };
		016BC1452565A93B007F6054 /* DeviceCheckIdentifier.swift */ = {isa = PBXFileReference; fileEncoding = 4; lastKnownFileType = sourcecode.swift; path = DeviceCheckIdentifier.swift; sourceTree = "<group>"; };
		0175301E2582F9B100822C03 /* ActivityViewController.swift */ = {isa = PBXFileReference; lastKnownFileType = sourcecode.swift; path = ActivityViewController.swift; sourceTree = "<group>"; };
		017549CA2534D99900487C74 /* Invysta.app */ = {isa = PBXFileReference; explicitFileType = wrapper.application; includeInIndex = 0; path = Invysta.app; sourceTree = BUILT_PRODUCTS_DIR; };
		017549CD2534D99900487C74 /* AppDelegate.swift */ = {isa = PBXFileReference; lastKnownFileType = sourcecode.swift; path = AppDelegate.swift; sourceTree = "<group>"; };
		017549CF2534D99900487C74 /* SceneDelegate.swift */ = {isa = PBXFileReference; lastKnownFileType = sourcecode.swift; path = SceneDelegate.swift; sourceTree = "<group>"; };
		017549D12534D99900487C74 /* ViewController.swift */ = {isa = PBXFileReference; lastKnownFileType = sourcecode.swift; path = ViewController.swift; sourceTree = "<group>"; };
		017549D62534D99B00487C74 /* Assets.xcassets */ = {isa = PBXFileReference; lastKnownFileType = folder.assetcatalog; path = Assets.xcassets; sourceTree = "<group>"; };
		017549D92534D99B00487C74 /* Base */ = {isa = PBXFileReference; lastKnownFileType = file.storyboard; name = Base; path = Base.lproj/LaunchScreen.storyboard; sourceTree = "<group>"; };
		017549DB2534D99B00487C74 /* Info.plist */ = {isa = PBXFileReference; lastKnownFileType = text.plist.xml; path = Info.plist; sourceTree = "<group>"; };
		017549EC2534EF1900487C74 /* VendorIdentifier.swift */ = {isa = PBXFileReference; lastKnownFileType = sourcecode.swift; path = VendorIdentifier.swift; sourceTree = "<group>"; };
		017549F22534EF7600487C74 /* AccessibilityIdentifier.swift */ = {isa = PBXFileReference; lastKnownFileType = sourcecode.swift; path = AccessibilityIdentifier.swift; sourceTree = "<group>"; };
		01754A002534F34A00487C74 /* InvystaTests.xctest */ = {isa = PBXFileReference; explicitFileType = wrapper.cfbundle; includeInIndex = 0; path = InvystaTests.xctest; sourceTree = BUILT_PRODUCTS_DIR; };
		01754A022534F34A00487C74 /* InvystaNetworkTests.swift */ = {isa = PBXFileReference; lastKnownFileType = sourcecode.swift; path = InvystaNetworkTests.swift; sourceTree = "<group>"; };
		01754A042534F34A00487C74 /* Info.plist */ = {isa = PBXFileReference; lastKnownFileType = text.plist.xml; path = Info.plist; sourceTree = "<group>"; };
		01754A2125351B8600487C74 /* CustomIdentifier.swift */ = {isa = PBXFileReference; lastKnownFileType = sourcecode.swift; path = CustomIdentifier.swift; sourceTree = "<group>"; };
		0179666A2589762E00BF6932 /* ActivityManager.swift */ = {isa = PBXFileReference; lastKnownFileType = sourcecode.swift; path = ActivityManager.swift; sourceTree = "<group>"; };
		0179666E2589764F00BF6932 /* PersistenceManager.swift */ = {isa = PBXFileReference; lastKnownFileType = sourcecode.swift; path = PersistenceManager.swift; sourceTree = "<group>"; };
		01817367254372E80065DB52 /* loading.json */ = {isa = PBXFileReference; fileEncoding = 4; lastKnownFileType = text.json; path = loading.json; sourceTree = "<group>"; };
		01A4745A25369FCD00D19006 /* Invysta.entitlements */ = {isa = PBXFileReference; lastKnownFileType = text.plist.entitlements; path = Invysta.entitlements; sourceTree = "<group>"; };
		01AE631A257EB718005DECC6 /* History.xcdatamodel */ = {isa = PBXFileReference; lastKnownFileType = wrapper.xcdatamodel; path = History.xcdatamodel; sourceTree = "<group>"; };
		01E6016F25F2EE71008D49F0 /* AuthenticationViewController.swift */ = {isa = PBXFileReference; lastKnownFileType = sourcecode.swift; path = AuthenticationViewController.swift; sourceTree = "<group>"; };
		01ED2925255D04440033CAE2 /* pointer-black.json */ = {isa = PBXFileReference; fileEncoding = 4; lastKnownFileType = text.json; path = "pointer-black.json"; sourceTree = "<group>"; };
		01EFED7F255F170B00B50D05 /* BaseViewController.swift */ = {isa = PBXFileReference; lastKnownFileType = sourcecode.swift; path = BaseViewController.swift; sourceTree = "<group>"; };
		01EFED83255F199200B50D05 /* DeviceSecurityItem.swift */ = {isa = PBXFileReference; lastKnownFileType = sourcecode.swift; path = DeviceSecurityItem.swift; sourceTree = "<group>"; };
		01EFED91255F273100B50D05 /* SettingManager.swift */ = {isa = PBXFileReference; lastKnownFileType = sourcecode.swift; path = SettingManager.swift; sourceTree = "<group>"; };
		01EFED95255F279F00B50D05 /* SettingTableViewCell.swift */ = {isa = PBXFileReference; lastKnownFileType = sourcecode.swift; path = SettingTableViewCell.swift; sourceTree = "<group>"; };
		01EFEDA5255F52FF00B50D05 /* pointer-white.json */ = {isa = PBXFileReference; fileEncoding = 4; lastKnownFileType = text.json; path = "pointer-white.json"; sourceTree = "<group>"; };
		01FF2B15260DB402006FA8A1 /* ReregisterDeviceItem.swift */ = {isa = PBXFileReference; lastKnownFileType = sourcecode.swift; path = ReregisterDeviceItem.swift; sourceTree = "<group>"; };
		01FF2B1D260DB5F4006FA8A1 /* IdentifierType.swift */ = {isa = PBXFileReference; lastKnownFileType = sourcecode.swift; path = IdentifierType.swift; sourceTree = "<group>"; };
/* End PBXFileReference section */

/* Begin PBXFrameworksBuildPhase section */
		010F7B2C2634C467000EF36E /* Frameworks */ = {
			isa = PBXFrameworksBuildPhase;
			buildActionMask = 2147483647;
			files = (
			);
			runOnlyForDeploymentPostprocessing = 0;
		};
		017549C72534D99900487C74 /* Frameworks */ = {
			isa = PBXFrameworksBuildPhase;
			buildActionMask = 2147483647;
			files = (
				01584C152612B9FA005E1366 /* InvystaCore in Frameworks */,
				012774D4255FDB05009C1B8D /* Lottie in Frameworks */,
			);
			runOnlyForDeploymentPostprocessing = 0;
		};
		017549FD2534F34A00487C74 /* Frameworks */ = {
			isa = PBXFrameworksBuildPhase;
			buildActionMask = 2147483647;
			files = (
			);
			runOnlyForDeploymentPostprocessing = 0;
		};
/* End PBXFrameworksBuildPhase section */

/* Begin PBXGroup section */
		01076DEF2560956D009847D6 /* LottieFiles */ = {
			isa = PBXGroup;
			children = (
				01EFEDA5255F52FF00B50D05 /* pointer-white.json */,
				01ED2925255D04440033CAE2 /* pointer-black.json */,
				01817367254372E80065DB52 /* loading.json */,
			);
			name = LottieFiles;
			sourceTree = "<group>";
		};
		01076DF0256095B1009847D6 /* InfoSection */ = {
			isa = PBXGroup;
			children = (
				01EFED95255F279F00B50D05 /* SettingTableViewCell.swift */,
				011AC43F2557D2540044980C /* PrivacyPolicyItem.swift */,
				011AC4452557D30F0044980C /* AppVersionItem.swift */,
			);
			path = InfoSection;
			sourceTree = "<group>";
		};
		010F7B302634C467000EF36E /* InvystaUITests */ = {
			isa = PBXGroup;
			children = (
				010F7B312634C467000EF36E /* InvystaUITests.swift */,
				010F7B332634C468000EF36E /* Info.plist */,
			);
			path = InvystaUITests;
			sourceTree = "<group>";
		};
		01237049258992AB005C49A2 /* Activity Controller */ = {
			isa = PBXGroup;
			children = (
				0175301E2582F9B100822C03 /* ActivityViewController.swift */,
				014AB32B2589972400645998 /* ActivitySettingsViewController.swift */,
				0123704525898093005C49A2 /* ActivityDetailViewController.swift */,
				0179666A2589762E00BF6932 /* ActivityManager.swift */,
				0179666E2589764F00BF6932 /* PersistenceManager.swift */,
			);
			path = "Activity Controller";
			sourceTree = "<group>";
		};
		01443A69260592AA004770D0 /* Authentication Controller */ = {
			isa = PBXGroup;
			children = (
				01E6016F25F2EE71008D49F0 /* AuthenticationViewController.swift */,
			);
			path = "Authentication Controller";
			sourceTree = "<group>";
		};
		01443A6A260592B6004770D0 /* Registration Controller */ = {
			isa = PBXGroup;
			children = (
				012C3AB525BA3C8D003B2F5D /* RegisterViewController.swift */,
				01443A442604564D004770D0 /* RegisterViewStoryboard.storyboard */,
			);
			path = "Registration Controller";
			sourceTree = "<group>";
		};
		017549C12534D99900487C74 = {
			isa = PBXGroup;
			children = (
				017549CC2534D99900487C74 /* Invysta */,
				01754A012534F34A00487C74 /* InvystaTests */,
				010F7B302634C467000EF36E /* InvystaUITests */,
				017549CB2534D99900487C74 /* Products */,
			);
			sourceTree = "<group>";
		};
		017549CB2534D99900487C74 /* Products */ = {
			isa = PBXGroup;
			children = (
				017549CA2534D99900487C74 /* Invysta.app */,
				01754A002534F34A00487C74 /* InvystaTests.xctest */,
				010F7B2F2634C467000EF36E /* InvystaUITests.xctest */,
			);
			name = Products;
			sourceTree = "<group>";
		};
		017549CC2534D99900487C74 /* Invysta */ = {
			isa = PBXGroup;
			children = (
				01A4745A25369FCD00D19006 /* Invysta.entitlements */,
				01076DEF2560956D009847D6 /* LottieFiles */,
				017549CD2534D99900487C74 /* AppDelegate.swift */,
				017549CF2534D99900487C74 /* SceneDelegate.swift */,
				01EFED7F255F170B00B50D05 /* BaseViewController.swift */,
				017549D12534D99900487C74 /* ViewController.swift */,
				01443A69260592AA004770D0 /* Authentication Controller */,
				01443A6A260592B6004770D0 /* Registration Controller */,
				01237049258992AB005C49A2 /* Activity Controller */,
				01D671A425591943002FB92B /* Settings */,
				01D671A925591955002FB92B /* Defaults */,
				017549EF2534EF2300487C74 /* Identifier Source */,
				017549D62534D99B00487C74 /* Assets.xcassets */,
				017549D82534D99B00487C74 /* LaunchScreen.storyboard */,
				017549DB2534D99B00487C74 /* Info.plist */,
				01AE6319257EB718005DECC6 /* Model.xcdatamodeld */,
			);
			path = Invysta;
			sourceTree = "<group>";
		};
		017549EF2534EF2300487C74 /* Identifier Source */ = {
			isa = PBXGroup;
			children = (
				01FF2B1D260DB5F4006FA8A1 /* IdentifierType.swift */,
				017549F22534EF7600487C74 /* AccessibilityIdentifier.swift */,
				010AD0B225678CD700B53B2A /* CellularIdentifier.swift */,
				01754A2125351B8600487C74 /* CustomIdentifier.swift */,
				016BC1452565A93B007F6054 /* DeviceCheckIdentifier.swift */,
				011AC40C255659C40044980C /* DeviceModelIdentifier.swift */,
				010AD0AE256789EF00B53B2A /* FirstTimeInstallationIdentifier.swift */,
				017549EC2534EF1900487C74 /* VendorIdentifier.swift */,
			);
			path = "Identifier Source";
			sourceTree = "<group>";
		};
		01754A012534F34A00487C74 /* InvystaTests */ = {
			isa = PBXGroup;
			children = (
				014A6E392563378000264CE3 /* InvystaViewControllerTests.swift */,
				01754A022534F34A00487C74 /* InvystaNetworkTests.swift */,
				01754A042534F34A00487C74 /* Info.plist */,
			);
			path = InvystaTests;
			sourceTree = "<group>";
		};
		01D671A425591943002FB92B /* Settings */ = {
			isa = PBXGroup;
			children = (
				01EFED99255F283700B50D05 /* SettingController */,
				01FF2B14260DB3E1006FA8A1 /* RegisterDeviceSection */,
				01EFED9C255F284000B50D05 /* DeviceSecuritySection */,
				01076DF0256095B1009847D6 /* InfoSection */,
			);
			path = Settings;
			sourceTree = "<group>";
		};
		01D671A925591955002FB92B /* Defaults */ = {
			isa = PBXGroup;
			children = (
				01443A5926055D85004770D0 /* IVUserDefaults.swift */,
				01443A5F26058E6C004770D0 /* NotificationKeys.swift */,
			);
			path = Defaults;
			sourceTree = "<group>";
		};
		01EFED99255F283700B50D05 /* SettingController */ = {
			isa = PBXGroup;
			children = (
				011AC42B2557373D0044980C /* SettingsController.swift */,
				01EFED91255F273100B50D05 /* SettingManager.swift */,
			);
			path = SettingController;
			sourceTree = "<group>";
		};
		01EFED9C255F284000B50D05 /* DeviceSecuritySection */ = {
			isa = PBXGroup;
			children = (
				01EFED83255F199200B50D05 /* DeviceSecurityItem.swift */,
			);
			name = DeviceSecuritySection;
			sourceTree = "<group>";
		};
		01FF2B14260DB3E1006FA8A1 /* RegisterDeviceSection */ = {
			isa = PBXGroup;
			children = (
				01FF2B15260DB402006FA8A1 /* ReregisterDeviceItem.swift */,
			);
			path = RegisterDeviceSection;
			sourceTree = "<group>";
		};
/* End PBXGroup section */

/* Begin PBXNativeTarget section */
		010F7B2E2634C467000EF36E /* InvystaUITests */ = {
			isa = PBXNativeTarget;
			buildConfigurationList = 010F7B382634C468000EF36E /* Build configuration list for PBXNativeTarget "InvystaUITests" */;
			buildPhases = (
				010F7B2B2634C467000EF36E /* Sources */,
				010F7B2C2634C467000EF36E /* Frameworks */,
				010F7B2D2634C467000EF36E /* Resources */,
			);
			buildRules = (
			);
			dependencies = (
				010F7B352634C468000EF36E /* PBXTargetDependency */,
			);
			name = InvystaUITests;
			productName = InvystaUITests;
			productReference = 010F7B2F2634C467000EF36E /* InvystaUITests.xctest */;
			productType = "com.apple.product-type.bundle.ui-testing";
		};
		017549C92534D99900487C74 /* Invysta */ = {
			isa = PBXNativeTarget;
			buildConfigurationList = 017549DE2534D99B00487C74 /* Build configuration list for PBXNativeTarget "Invysta" */;
			buildPhases = (
				017549C62534D99900487C74 /* Sources */,
				017549C72534D99900487C74 /* Frameworks */,
				017549C82534D99900487C74 /* Resources */,
			);
			buildRules = (
			);
			dependencies = (
			);
			name = Invysta;
			packageProductDependencies = (
				012774D3255FDB05009C1B8D /* Lottie */,
				01584C142612B9FA005E1366 /* InvystaCore */,
			);
			productName = Invysta;
			productReference = 017549CA2534D99900487C74 /* Invysta.app */;
			productType = "com.apple.product-type.application";
		};
		017549FF2534F34A00487C74 /* InvystaTests */ = {
			isa = PBXNativeTarget;
			buildConfigurationList = 01754A072534F34A00487C74 /* Build configuration list for PBXNativeTarget "InvystaTests" */;
			buildPhases = (
				017549FC2534F34A00487C74 /* Sources */,
				017549FD2534F34A00487C74 /* Frameworks */,
				017549FE2534F34A00487C74 /* Resources */,
			);
			buildRules = (
			);
			dependencies = (
				01754A062534F34A00487C74 /* PBXTargetDependency */,
			);
			name = InvystaTests;
			productName = InvystaTests;
			productReference = 01754A002534F34A00487C74 /* InvystaTests.xctest */;
			productType = "com.apple.product-type.bundle.unit-test";
		};
/* End PBXNativeTarget section */

/* Begin PBXProject section */
		017549C22534D99900487C74 /* Project object */ = {
			isa = PBXProject;
			attributes = {
				LastSwiftUpdateCheck = 1240;
				LastUpgradeCheck = 1220;
				TargetAttributes = {
					010F7B2E2634C467000EF36E = {
						CreatedOnToolsVersion = 12.4;
						TestTargetID = 017549C92534D99900487C74;
					};
					017549C92534D99900487C74 = {
						CreatedOnToolsVersion = 12.0.1;
					};
					017549FF2534F34A00487C74 = {
						CreatedOnToolsVersion = 12.0.1;
						TestTargetID = 017549C92534D99900487C74;
					};
				};
			};
			buildConfigurationList = 017549C52534D99900487C74 /* Build configuration list for PBXProject "Invysta" */;
			compatibilityVersion = "Xcode 9.3";
			developmentRegion = en;
			hasScannedForEncodings = 0;
			knownRegions = (
				en,
				Base,
			);
			mainGroup = 017549C12534D99900487C74;
			packageReferences = (
				012774D2255FDB05009C1B8D /* XCRemoteSwiftPackageReference "lottie-ios" */,
				01584C132612B9FA005E1366 /* XCRemoteSwiftPackageReference "InvystaCore" */,
			);
			productRefGroup = 017549CB2534D99900487C74 /* Products */;
			projectDirPath = "";
			projectRoot = "";
			targets = (
				017549C92534D99900487C74 /* Invysta */,
				017549FF2534F34A00487C74 /* InvystaTests */,
				010F7B2E2634C467000EF36E /* InvystaUITests */,
			);
		};
/* End PBXProject section */

/* Begin PBXResourcesBuildPhase section */
		010F7B2D2634C467000EF36E /* Resources */ = {
			isa = PBXResourcesBuildPhase;
			buildActionMask = 2147483647;
			files = (
			);
			runOnlyForDeploymentPostprocessing = 0;
		};
		017549C82534D99900487C74 /* Resources */ = {
			isa = PBXResourcesBuildPhase;
			buildActionMask = 2147483647;
			files = (
				017549DA2534D99B00487C74 /* LaunchScreen.storyboard in Resources */,
				01443A452604564D004770D0 /* RegisterViewStoryboard.storyboard in Resources */,
				017549D72534D99B00487C74 /* Assets.xcassets in Resources */,
				01ED2927255D04440033CAE2 /* pointer-black.json in Resources */,
				01817368254372E80065DB52 /* loading.json in Resources */,
				01EFEDA6255F52FF00B50D05 /* pointer-white.json in Resources */,
			);
			runOnlyForDeploymentPostprocessing = 0;
		};
		017549FE2534F34A00487C74 /* Resources */ = {
			isa = PBXResourcesBuildPhase;
			buildActionMask = 2147483647;
			files = (
				01076E112560987D009847D6 /* pointer-white.json in Resources */,
			);
			runOnlyForDeploymentPostprocessing = 0;
		};
/* End PBXResourcesBuildPhase section */

/* Begin PBXSourcesBuildPhase section */
		010F7B2B2634C467000EF36E /* Sources */ = {
			isa = PBXSourcesBuildPhase;
			buildActionMask = 2147483647;
			files = (
				010F7B322634C467000EF36E /* InvystaUITests.swift in Sources */,
			);
			runOnlyForDeploymentPostprocessing = 0;
		};
		017549C62534D99900487C74 /* Sources */ = {
			isa = PBXSourcesBuildPhase;
			buildActionMask = 2147483647;
			files = (
				01EFED96255F279F00B50D05 /* SettingTableViewCell.swift in Sources */,
				017549D22534D99900487C74 /* ViewController.swift in Sources */,
				01443A5A26055D85004770D0 /* IVUserDefaults.swift in Sources */,
				017549F32534EF7600487C74 /* AccessibilityIdentifier.swift in Sources */,
				010AD0AF256789EF00B53B2A /* FirstTimeInstallationIdentifier.swift in Sources */,
				01FF2B16260DB402006FA8A1 /* ReregisterDeviceItem.swift in Sources */,
				01AE631B257EB718005DECC6 /* Model.xcdatamodeld in Sources */,
				01EFED80255F170B00B50D05 /* BaseViewController.swift in Sources */,
				01754A2225351B8600487C74 /* CustomIdentifier.swift in Sources */,
				011AC4462557D30F0044980C /* AppVersionItem.swift in Sources */,
				01EFED92255F273100B50D05 /* SettingManager.swift in Sources */,
				0179666B2589762E00BF6932 /* ActivityManager.swift in Sources */,
				011AC40D255659C40044980C /* DeviceModelIdentifier.swift in Sources */,
				01E6017025F2EE71008D49F0 /* AuthenticationViewController.swift in Sources */,
				011AC42E2557373D0044980C /* SettingsController.swift in Sources */,
				0179666F2589764F00BF6932 /* PersistenceManager.swift in Sources */,
				01443A6026058E6C004770D0 /* NotificationKeys.swift in Sources */,
				0123704625898093005C49A2 /* ActivityDetailViewController.swift in Sources */,
				014AB32C2589972400645998 /* ActivitySettingsViewController.swift in Sources */,
				011AC4402557D2540044980C /* PrivacyPolicyItem.swift in Sources */,
				010AD0B325678CD700B53B2A /* CellularIdentifier.swift in Sources */,
				01FF2B1E260DB5F4006FA8A1 /* IdentifierType.swift in Sources */,
				0175301F2582F9B100822C03 /* ActivityViewController.swift in Sources */,
				017549CE2534D99900487C74 /* AppDelegate.swift in Sources */,
				017549ED2534EF1900487C74 /* VendorIdentifier.swift in Sources */,
				012C3AB625BA3C8D003B2F5D /* RegisterViewController.swift in Sources */,
				01EFED84255F199200B50D05 /* DeviceSecurityItem.swift in Sources */,
				017549D02534D99900487C74 /* SceneDelegate.swift in Sources */,
				016BC1462565A93B007F6054 /* DeviceCheckIdentifier.swift in Sources */,
			);
			runOnlyForDeploymentPostprocessing = 0;
		};
		017549FC2534F34A00487C74 /* Sources */ = {
			isa = PBXSourcesBuildPhase;
			buildActionMask = 2147483647;
			files = (
				01076E032560986B009847D6 /* PrivacyPolicyItem.swift in Sources */,
				01076E042560986B009847D6 /* AppVersionItem.swift in Sources */,
				014A6E3A2563378000264CE3 /* InvystaViewControllerTests.swift in Sources */,
				0151865725FC34E0005CC78A /* ActivityViewController.swift in Sources */,
				018355452568870D00F1D868 /* FirstTimeInstallationIdentifier.swift in Sources */,
				0151864E25FC322C005CC78A /* PersistenceManager.swift in Sources */,
				01076DF52560985E009847D6 /* BaseViewController.swift in Sources */,
				01076DF32560985E009847D6 /* ViewController.swift in Sources */,
				0151865D25FC34F9005CC78A /* ActivityManager.swift in Sources */,
				0151866025FC34FD005CC78A /* ActivityDetailViewController.swift in Sources */,
				01076DFD25609866009847D6 /* SettingsController.swift in Sources */,
				01754A032534F34A00487C74 /* InvystaNetworkTests.swift in Sources */,
				018355472568870D00F1D868 /* CellularIdentifier.swift in Sources */,
				01754A132534F35D00487C74 /* VendorIdentifier.swift in Sources */,
				0151865425FC3236005CC78A /* SceneDelegate.swift in Sources */,
				01076DFC25609866009847D6 /* SettingManager.swift in Sources */,
				0151865A25FC34EA005CC78A /* ActivitySettingsViewController.swift in Sources */,
				01076E052560986B009847D6 /* SettingTableViewCell.swift in Sources */,
				01076E0025609869009847D6 /* DeviceSecurityItem.swift in Sources */,
				01076E0A25609872009847D6 /* DeviceModelIdentifier.swift in Sources */,
				01AE631C257EB718005DECC6 /* Model.xcdatamodeld in Sources */,
				01754A142534F35D00487C74 /* AccessibilityIdentifier.swift in Sources */,
				018355462568870D00F1D868 /* DeviceCheckIdentifier.swift in Sources */,
				01076E0925609872009847D6 /* CustomIdentifier.swift in Sources */,
			);
			runOnlyForDeploymentPostprocessing = 0;
		};
/* End PBXSourcesBuildPhase section */

/* Begin PBXTargetDependency section */
		010F7B352634C468000EF36E /* PBXTargetDependency */ = {
			isa = PBXTargetDependency;
			target = 017549C92534D99900487C74 /* Invysta */;
			targetProxy = 010F7B342634C468000EF36E /* PBXContainerItemProxy */;
		};
		01754A062534F34A00487C74 /* PBXTargetDependency */ = {
			isa = PBXTargetDependency;
			target = 017549C92534D99900487C74 /* Invysta */;
			targetProxy = 01754A052534F34A00487C74 /* PBXContainerItemProxy */;
		};
/* End PBXTargetDependency section */

/* Begin PBXVariantGroup section */
		017549D82534D99B00487C74 /* LaunchScreen.storyboard */ = {
			isa = PBXVariantGroup;
			children = (
				017549D92534D99B00487C74 /* Base */,
			);
			name = LaunchScreen.storyboard;
			sourceTree = "<group>";
		};
/* End PBXVariantGroup section */

/* Begin XCBuildConfiguration section */
		010F7B362634C468000EF36E /* Debug */ = {
			isa = XCBuildConfiguration;
			buildSettings = {
				CODE_SIGN_STYLE = Automatic;
				DEVELOPMENT_TEAM = R986STKYJ7;
				INFOPLIST_FILE = InvystaUITests/Info.plist;
				IPHONEOS_DEPLOYMENT_TARGET = 14.4;
				LD_RUNPATH_SEARCH_PATHS = (
					"$(inherited)",
					"@executable_path/Frameworks",
					"@loader_path/Frameworks",
				);
				PRODUCT_BUNDLE_IDENTIFIER = com.ByCyril.InvystaUITests;
				PRODUCT_NAME = "$(TARGET_NAME)";
				SWIFT_VERSION = 5.0;
				TARGETED_DEVICE_FAMILY = "1,2";
				TEST_TARGET_NAME = Invysta;
			};
			name = Debug;
		};
		010F7B372634C468000EF36E /* Release */ = {
			isa = XCBuildConfiguration;
			buildSettings = {
				CODE_SIGN_STYLE = Automatic;
				DEVELOPMENT_TEAM = R986STKYJ7;
				INFOPLIST_FILE = InvystaUITests/Info.plist;
				IPHONEOS_DEPLOYMENT_TARGET = 14.4;
				LD_RUNPATH_SEARCH_PATHS = (
					"$(inherited)",
					"@executable_path/Frameworks",
					"@loader_path/Frameworks",
				);
				PRODUCT_BUNDLE_IDENTIFIER = com.ByCyril.InvystaUITests;
				PRODUCT_NAME = "$(TARGET_NAME)";
				SWIFT_VERSION = 5.0;
				TARGETED_DEVICE_FAMILY = "1,2";
				TEST_TARGET_NAME = Invysta;
			};
			name = Release;
		};
		017549DC2534D99B00487C74 /* Debug */ = {
			isa = XCBuildConfiguration;
			buildSettings = {
				ALWAYS_SEARCH_USER_PATHS = NO;
				CLANG_ANALYZER_NONNULL = YES;
				CLANG_ANALYZER_NUMBER_OBJECT_CONVERSION = YES_AGGRESSIVE;
				CLANG_CXX_LANGUAGE_STANDARD = "gnu++14";
				CLANG_CXX_LIBRARY = "libc++";
				CLANG_ENABLE_MODULES = YES;
				CLANG_ENABLE_OBJC_ARC = YES;
				CLANG_ENABLE_OBJC_WEAK = YES;
				CLANG_WARN_BLOCK_CAPTURE_AUTORELEASING = YES;
				CLANG_WARN_BOOL_CONVERSION = YES;
				CLANG_WARN_COMMA = YES;
				CLANG_WARN_CONSTANT_CONVERSION = YES;
				CLANG_WARN_DEPRECATED_OBJC_IMPLEMENTATIONS = YES;
				CLANG_WARN_DIRECT_OBJC_ISA_USAGE = YES_ERROR;
				CLANG_WARN_DOCUMENTATION_COMMENTS = YES;
				CLANG_WARN_EMPTY_BODY = YES;
				CLANG_WARN_ENUM_CONVERSION = YES;
				CLANG_WARN_INFINITE_RECURSION = YES;
				CLANG_WARN_INT_CONVERSION = YES;
				CLANG_WARN_NON_LITERAL_NULL_CONVERSION = YES;
				CLANG_WARN_OBJC_IMPLICIT_RETAIN_SELF = YES;
				CLANG_WARN_OBJC_LITERAL_CONVERSION = YES;
				CLANG_WARN_OBJC_ROOT_CLASS = YES_ERROR;
				CLANG_WARN_QUOTED_INCLUDE_IN_FRAMEWORK_HEADER = YES;
				CLANG_WARN_RANGE_LOOP_ANALYSIS = YES;
				CLANG_WARN_STRICT_PROTOTYPES = YES;
				CLANG_WARN_SUSPICIOUS_MOVE = YES;
				CLANG_WARN_UNGUARDED_AVAILABILITY = YES_AGGRESSIVE;
				CLANG_WARN_UNREACHABLE_CODE = YES;
				CLANG_WARN__DUPLICATE_METHOD_MATCH = YES;
				COPY_PHASE_STRIP = NO;
				DEBUG_INFORMATION_FORMAT = dwarf;
				ENABLE_STRICT_OBJC_MSGSEND = YES;
				ENABLE_TESTABILITY = YES;
				GCC_C_LANGUAGE_STANDARD = gnu11;
				GCC_DYNAMIC_NO_PIC = NO;
				GCC_NO_COMMON_BLOCKS = YES;
				GCC_OPTIMIZATION_LEVEL = 0;
				GCC_PREPROCESSOR_DEFINITIONS = (
					"DEBUG=1",
					"$(inherited)",
				);
				GCC_WARN_64_TO_32_BIT_CONVERSION = YES;
				GCC_WARN_ABOUT_RETURN_TYPE = YES_ERROR;
				GCC_WARN_UNDECLARED_SELECTOR = YES;
				GCC_WARN_UNINITIALIZED_AUTOS = YES_AGGRESSIVE;
				GCC_WARN_UNUSED_FUNCTION = YES;
				GCC_WARN_UNUSED_VARIABLE = YES;
				IPHONEOS_DEPLOYMENT_TARGET = 12.0;
				MTL_ENABLE_DEBUG_INFO = INCLUDE_SOURCE;
				MTL_FAST_MATH = YES;
				ONLY_ACTIVE_ARCH = YES;
				SDKROOT = iphoneos;
				SWIFT_ACTIVE_COMPILATION_CONDITIONS = DEBUG;
				SWIFT_OPTIMIZATION_LEVEL = "-Onone";
			};
			name = Debug;
		};
		017549DD2534D99B00487C74 /* Release */ = {
			isa = XCBuildConfiguration;
			buildSettings = {
				ALWAYS_SEARCH_USER_PATHS = NO;
				CLANG_ANALYZER_NONNULL = YES;
				CLANG_ANALYZER_NUMBER_OBJECT_CONVERSION = YES_AGGRESSIVE;
				CLANG_CXX_LANGUAGE_STANDARD = "gnu++14";
				CLANG_CXX_LIBRARY = "libc++";
				CLANG_ENABLE_MODULES = YES;
				CLANG_ENABLE_OBJC_ARC = YES;
				CLANG_ENABLE_OBJC_WEAK = YES;
				CLANG_WARN_BLOCK_CAPTURE_AUTORELEASING = YES;
				CLANG_WARN_BOOL_CONVERSION = YES;
				CLANG_WARN_COMMA = YES;
				CLANG_WARN_CONSTANT_CONVERSION = YES;
				CLANG_WARN_DEPRECATED_OBJC_IMPLEMENTATIONS = YES;
				CLANG_WARN_DIRECT_OBJC_ISA_USAGE = YES_ERROR;
				CLANG_WARN_DOCUMENTATION_COMMENTS = YES;
				CLANG_WARN_EMPTY_BODY = YES;
				CLANG_WARN_ENUM_CONVERSION = YES;
				CLANG_WARN_INFINITE_RECURSION = YES;
				CLANG_WARN_INT_CONVERSION = YES;
				CLANG_WARN_NON_LITERAL_NULL_CONVERSION = YES;
				CLANG_WARN_OBJC_IMPLICIT_RETAIN_SELF = YES;
				CLANG_WARN_OBJC_LITERAL_CONVERSION = YES;
				CLANG_WARN_OBJC_ROOT_CLASS = YES_ERROR;
				CLANG_WARN_QUOTED_INCLUDE_IN_FRAMEWORK_HEADER = YES;
				CLANG_WARN_RANGE_LOOP_ANALYSIS = YES;
				CLANG_WARN_STRICT_PROTOTYPES = YES;
				CLANG_WARN_SUSPICIOUS_MOVE = YES;
				CLANG_WARN_UNGUARDED_AVAILABILITY = YES_AGGRESSIVE;
				CLANG_WARN_UNREACHABLE_CODE = YES;
				CLANG_WARN__DUPLICATE_METHOD_MATCH = YES;
				COPY_PHASE_STRIP = NO;
				DEBUG_INFORMATION_FORMAT = "dwarf-with-dsym";
				ENABLE_NS_ASSERTIONS = NO;
				ENABLE_STRICT_OBJC_MSGSEND = YES;
				GCC_C_LANGUAGE_STANDARD = gnu11;
				GCC_NO_COMMON_BLOCKS = YES;
				GCC_WARN_64_TO_32_BIT_CONVERSION = YES;
				GCC_WARN_ABOUT_RETURN_TYPE = YES_ERROR;
				GCC_WARN_UNDECLARED_SELECTOR = YES;
				GCC_WARN_UNINITIALIZED_AUTOS = YES_AGGRESSIVE;
				GCC_WARN_UNUSED_FUNCTION = YES;
				GCC_WARN_UNUSED_VARIABLE = YES;
				IPHONEOS_DEPLOYMENT_TARGET = 12.0;
				MTL_ENABLE_DEBUG_INFO = NO;
				MTL_FAST_MATH = YES;
				SDKROOT = iphoneos;
				SWIFT_COMPILATION_MODE = wholemodule;
				SWIFT_OPTIMIZATION_LEVEL = "-O";
				VALIDATE_PRODUCT = YES;
			};
			name = Release;
		};
		017549DF2534D99B00487C74 /* Debug */ = {
			isa = XCBuildConfiguration;
			buildSettings = {
				ASSETCATALOG_COMPILER_APPICON_NAME = AppIcon;
				ASSETCATALOG_COMPILER_GLOBAL_ACCENT_COLOR_NAME = AccentColor;
				CODE_SIGN_ENTITLEMENTS = Invysta/Invysta.entitlements;
				CODE_SIGN_STYLE = Automatic;
				CURRENT_PROJECT_VERSION = 2;
				DEVELOPMENT_TEAM = WC54Z94VC6;
				INFOPLIST_FILE = Invysta/Info.plist;
				IPHONEOS_DEPLOYMENT_TARGET = 11.0;
				LD_RUNPATH_SEARCH_PATHS = (
					"$(inherited)",
					"@executable_path/Frameworks",
				);
				MARKETING_VERSION = 2.0;
				PRODUCT_BUNDLE_IDENTIFIER = com.InvystaTechnologyGroup.InvystaAware;
				PRODUCT_NAME = "$(TARGET_NAME)";
				SUPPORTS_MACCATALYST = NO;
				SWIFT_VERSION = 5.0;
				TARGETED_DEVICE_FAMILY = "1,2";
			};
			name = Debug;
		};
		017549E02534D99B00487C74 /* Release */ = {
			isa = XCBuildConfiguration;
			buildSettings = {
				ASSETCATALOG_COMPILER_APPICON_NAME = AppIcon;
				ASSETCATALOG_COMPILER_GLOBAL_ACCENT_COLOR_NAME = AccentColor;
				CODE_SIGN_ENTITLEMENTS = Invysta/Invysta.entitlements;
				CODE_SIGN_STYLE = Automatic;
				CURRENT_PROJECT_VERSION = 2;
				DEVELOPMENT_TEAM = WC54Z94VC6;
				INFOPLIST_FILE = Invysta/Info.plist;
				IPHONEOS_DEPLOYMENT_TARGET = 11.0;
				LD_RUNPATH_SEARCH_PATHS = (
					"$(inherited)",
					"@executable_path/Frameworks",
				);
				MARKETING_VERSION = 2.0;
				PRODUCT_BUNDLE_IDENTIFIER = com.InvystaTechnologyGroup.InvystaAware;
				PRODUCT_NAME = "$(TARGET_NAME)";
				SUPPORTS_MACCATALYST = NO;
				SWIFT_VERSION = 5.0;
				TARGETED_DEVICE_FAMILY = "1,2";
			};
			name = Release;
		};
		01754A082534F34A00487C74 /* Debug */ = {
			isa = XCBuildConfiguration;
			buildSettings = {
				BUNDLE_LOADER = "$(TEST_HOST)";
				CODE_SIGN_STYLE = Automatic;
				DEVELOPMENT_TEAM = R986STKYJ7;
				INFOPLIST_FILE = InvystaTests/Info.plist;
				LD_RUNPATH_SEARCH_PATHS = (
					"$(inherited)",
					"@executable_path/Frameworks",
					"@loader_path/Frameworks",
				);
				PRODUCT_BUNDLE_IDENTIFIER = com.InvystaTechnologyGroup.InvystaTests;
				PRODUCT_NAME = "$(TARGET_NAME)";
				SWIFT_VERSION = 5.0;
				TARGETED_DEVICE_FAMILY = "1,2";
				TEST_HOST = "$(BUILT_PRODUCTS_DIR)/Invysta.app/Invysta";
			};
			name = Debug;
		};
		01754A092534F34A00487C74 /* Release */ = {
			isa = XCBuildConfiguration;
			buildSettings = {
				BUNDLE_LOADER = "$(TEST_HOST)";
				CODE_SIGN_STYLE = Automatic;
				DEVELOPMENT_TEAM = R986STKYJ7;
				INFOPLIST_FILE = InvystaTests/Info.plist;
				LD_RUNPATH_SEARCH_PATHS = (
					"$(inherited)",
					"@executable_path/Frameworks",
					"@loader_path/Frameworks",
				);
				PRODUCT_BUNDLE_IDENTIFIER = com.InvystaTechnologyGroup.InvystaTests;
				PRODUCT_NAME = "$(TARGET_NAME)";
				SWIFT_VERSION = 5.0;
				TARGETED_DEVICE_FAMILY = "1,2";
				TEST_HOST = "$(BUILT_PRODUCTS_DIR)/Invysta.app/Invysta";
			};
			name = Release;
		};
/* End XCBuildConfiguration section */

/* Begin XCConfigurationList section */
		010F7B382634C468000EF36E /* Build configuration list for PBXNativeTarget "InvystaUITests" */ = {
			isa = XCConfigurationList;
			buildConfigurations = (
				010F7B362634C468000EF36E /* Debug */,
				010F7B372634C468000EF36E /* Release */,
			);
			defaultConfigurationIsVisible = 0;
			defaultConfigurationName = Release;
		};
		017549C52534D99900487C74 /* Build configuration list for PBXProject "Invysta" */ = {
			isa = XCConfigurationList;
			buildConfigurations = (
				017549DC2534D99B00487C74 /* Debug */,
				017549DD2534D99B00487C74 /* Release */,
			);
			defaultConfigurationIsVisible = 0;
			defaultConfigurationName = Release;
		};
		017549DE2534D99B00487C74 /* Build configuration list for PBXNativeTarget "Invysta" */ = {
			isa = XCConfigurationList;
			buildConfigurations = (
				017549DF2534D99B00487C74 /* Debug */,
				017549E02534D99B00487C74 /* Release */,
			);
			defaultConfigurationIsVisible = 0;
			defaultConfigurationName = Release;
		};
		01754A072534F34A00487C74 /* Build configuration list for PBXNativeTarget "InvystaTests" */ = {
			isa = XCConfigurationList;
			buildConfigurations = (
				01754A082534F34A00487C74 /* Debug */,
				01754A092534F34A00487C74 /* Release */,
			);
			defaultConfigurationIsVisible = 0;
			defaultConfigurationName = Release;
		};
/* End XCConfigurationList section */

/* Begin XCRemoteSwiftPackageReference section */
		012774D2255FDB05009C1B8D /* XCRemoteSwiftPackageReference "lottie-ios" */ = {
			isa = XCRemoteSwiftPackageReference;
			repositoryURL = "https://github.com/airbnb/lottie-ios.git";
			requirement = {
				kind = upToNextMajorVersion;
				minimumVersion = 3.1.9;
			};
		};
		01584C132612B9FA005E1366 /* XCRemoteSwiftPackageReference "InvystaCore" */ = {
			isa = XCRemoteSwiftPackageReference;
			repositoryURL = "https://github.com/Invysta/InvystaCore.git";
			requirement = {
				kind = upToNextMajorVersion;
				minimumVersion = 1.0.0;
			};
		};
/* End XCRemoteSwiftPackageReference section */

/* Begin XCSwiftPackageProductDependency section */
		012774D3255FDB05009C1B8D /* Lottie */ = {
			isa = XCSwiftPackageProductDependency;
			package = 012774D2255FDB05009C1B8D /* XCRemoteSwiftPackageReference "lottie-ios" */;
			productName = Lottie;
		};
		01584C142612B9FA005E1366 /* InvystaCore */ = {
			isa = XCSwiftPackageProductDependency;
			package = 01584C132612B9FA005E1366 /* XCRemoteSwiftPackageReference "InvystaCore" */;
			productName = InvystaCore;
		};
/* End XCSwiftPackageProductDependency section */

/* Begin XCVersionGroup section */
		01AE6319257EB718005DECC6 /* Model.xcdatamodeld */ = {
			isa = XCVersionGroup;
			children = (
				01AE631A257EB718005DECC6 /* History.xcdatamodel */,
			);
			currentVersion = 01AE631A257EB718005DECC6 /* History.xcdatamodel */;
			path = Model.xcdatamodeld;
			sourceTree = "<group>";
			versionGroupType = wrapper.xcdatamodel;
		};
/* End XCVersionGroup section */
	};
	rootObject = 017549C22534D99900487C74 /* Project object */;
}
