// !$*UTF8*$!
{
	archiveVersion = 1;
	classes = {
	};
	objectVersion = 52;
	objects = {

/* Begin PBXBuildFile section */
		01076DF32560985E009847D6 /* ViewController.swift in Sources */ = {isa = PBXBuildFile; fileRef = 017549D12534D99900487C74 /* ViewController.swift */; };
		01076DF42560985E009847D6 /* LoadingView.swift in Sources */ = {isa = PBXBuildFile; fileRef = 01EFEDA9255F600200B50D05 /* LoadingView.swift */; };
		01076DF52560985E009847D6 /* BaseViewController.swift in Sources */ = {isa = PBXBuildFile; fileRef = 01EFED7F255F170B00B50D05 /* BaseViewController.swift */; };
		01076DF825609861009847D6 /* FeatureFlag.swift in Sources */ = {isa = PBXBuildFile; fileRef = 012430322542704E00722112 /* FeatureFlag.swift */; };
		01076DF925609861009847D6 /* FeatureFlag+BrowserData.swift in Sources */ = {isa = PBXBuildFile; fileRef = 01243037254270AD00722112 /* FeatureFlag+BrowserData.swift */; };
		01076DFC25609866009847D6 /* SettingManager.swift in Sources */ = {isa = PBXBuildFile; fileRef = 01EFED91255F273100B50D05 /* SettingManager.swift */; };
		01076DFD25609866009847D6 /* SettingsController.swift in Sources */ = {isa = PBXBuildFile; fileRef = 011AC42B2557373D0044980C /* SettingsController.swift */; };
		01076E0025609869009847D6 /* DeviceSecurityItem.swift in Sources */ = {isa = PBXBuildFile; fileRef = 01EFED83255F199200B50D05 /* DeviceSecurityItem.swift */; };
		01076E032560986B009847D6 /* PrivacyPolicyItem.swift in Sources */ = {isa = PBXBuildFile; fileRef = 011AC43F2557D2540044980C /* PrivacyPolicyItem.swift */; };
		01076E042560986B009847D6 /* AppVersionItem.swift in Sources */ = {isa = PBXBuildFile; fileRef = 011AC4452557D30F0044980C /* AppVersionItem.swift */; };
		01076E052560986B009847D6 /* SettingTableViewCell.swift in Sources */ = {isa = PBXBuildFile; fileRef = 01EFED95255F279F00B50D05 /* SettingTableViewCell.swift */; };
		01076E0925609872009847D6 /* CustomIdentifier.swift in Sources */ = {isa = PBXBuildFile; fileRef = 01754A2125351B8600487C74 /* CustomIdentifier.swift */; };
		01076E0A25609872009847D6 /* DeviceModelIdentifier.swift in Sources */ = {isa = PBXBuildFile; fileRef = 011AC40C255659C40044980C /* DeviceModelIdentifier.swift */; };
		01076E0E25609879009847D6 /* SceneDelegate.swift in Sources */ = {isa = PBXBuildFile; fileRef = 017549CF2534D99900487C74 /* SceneDelegate.swift */; };
		01076E112560987D009847D6 /* pointer-white.json in Resources */ = {isa = PBXBuildFile; fileRef = 01EFEDA5255F52FF00B50D05 /* pointer-white.json */; };
		010AD0AF256789EF00B53B2A /* FirstTimeInstallationIdentifier.swift in Sources */ = {isa = PBXBuildFile; fileRef = 010AD0AE256789EF00B53B2A /* FirstTimeInstallationIdentifier.swift */; };
		010AD0B325678CD700B53B2A /* CellularIdentifier.swift in Sources */ = {isa = PBXBuildFile; fileRef = 010AD0B225678CD700B53B2A /* CellularIdentifier.swift */; };
		0114C798253A768100DD4DF2 /* BrowserData.swift in Sources */ = {isa = PBXBuildFile; fileRef = 0114C797253A768100DD4DF2 /* BrowserData.swift */; };
		011AC40D255659C40044980C /* DeviceModelIdentifier.swift in Sources */ = {isa = PBXBuildFile; fileRef = 011AC40C255659C40044980C /* DeviceModelIdentifier.swift */; };
		011AC42E2557373D0044980C /* SettingsController.swift in Sources */ = {isa = PBXBuildFile; fileRef = 011AC42B2557373D0044980C /* SettingsController.swift */; };
		011AC4402557D2540044980C /* PrivacyPolicyItem.swift in Sources */ = {isa = PBXBuildFile; fileRef = 011AC43F2557D2540044980C /* PrivacyPolicyItem.swift */; };
		011AC4462557D30F0044980C /* AppVersionItem.swift in Sources */ = {isa = PBXBuildFile; fileRef = 011AC4452557D30F0044980C /* AppVersionItem.swift */; };
		012430332542704E00722112 /* FeatureFlag.swift in Sources */ = {isa = PBXBuildFile; fileRef = 012430322542704E00722112 /* FeatureFlag.swift */; };
		01243038254270AD00722112 /* FeatureFlag+BrowserData.swift in Sources */ = {isa = PBXBuildFile; fileRef = 01243037254270AD00722112 /* FeatureFlag+BrowserData.swift */; };
		012774D4255FDB05009C1B8D /* Lottie in Frameworks */ = {isa = PBXBuildFile; productRef = 012774D3255FDB05009C1B8D /* Lottie */; };
		014A6E3A2563378000264CE3 /* InvystaViewControllerTests.swift in Sources */ = {isa = PBXBuildFile; fileRef = 014A6E392563378000264CE3 /* InvystaViewControllerTests.swift */; };
		016BC1462565A93B007F6054 /* DeviceCheckIdentifier.swift in Sources */ = {isa = PBXBuildFile; fileRef = 016BC1452565A93B007F6054 /* DeviceCheckIdentifier.swift */; };
		017549CE2534D99900487C74 /* AppDelegate.swift in Sources */ = {isa = PBXBuildFile; fileRef = 017549CD2534D99900487C74 /* AppDelegate.swift */; };
		017549D02534D99900487C74 /* SceneDelegate.swift in Sources */ = {isa = PBXBuildFile; fileRef = 017549CF2534D99900487C74 /* SceneDelegate.swift */; };
		017549D22534D99900487C74 /* ViewController.swift in Sources */ = {isa = PBXBuildFile; fileRef = 017549D12534D99900487C74 /* ViewController.swift */; };
		017549D72534D99B00487C74 /* Assets.xcassets in Resources */ = {isa = PBXBuildFile; fileRef = 017549D62534D99B00487C74 /* Assets.xcassets */; };
		017549DA2534D99B00487C74 /* LaunchScreen.storyboard in Resources */ = {isa = PBXBuildFile; fileRef = 017549D82534D99B00487C74 /* LaunchScreen.storyboard */; };
		017549E72534DBF400487C74 /* RequestURL.swift in Sources */ = {isa = PBXBuildFile; fileRef = 017549E62534DBF400487C74 /* RequestURL.swift */; };
		017549EA2534EC9D00487C74 /* IdentifierManager.swift in Sources */ = {isa = PBXBuildFile; fileRef = 017549E92534EC9D00487C74 /* IdentifierManager.swift */; };
		017549ED2534EF1900487C74 /* VendorIdentifier.swift in Sources */ = {isa = PBXBuildFile; fileRef = 017549EC2534EF1900487C74 /* VendorIdentifier.swift */; };
		017549F32534EF7600487C74 /* AccessibilityIdentifier.swift in Sources */ = {isa = PBXBuildFile; fileRef = 017549F22534EF7600487C74 /* AccessibilityIdentifier.swift */; };
		017549F62534F01200487C74 /* NetworkManager.swift in Sources */ = {isa = PBXBuildFile; fileRef = 017549F52534F01200487C74 /* NetworkManager.swift */; };
		01754A032534F34A00487C74 /* InvystaNetworkTests.swift in Sources */ = {isa = PBXBuildFile; fileRef = 01754A022534F34A00487C74 /* InvystaNetworkTests.swift */; };
		01754A0C2534F35800487C74 /* NetworkManager.swift in Sources */ = {isa = PBXBuildFile; fileRef = 017549F52534F01200487C74 /* NetworkManager.swift */; };
		01754A0D2534F35800487C74 /* IdentifierManager.swift in Sources */ = {isa = PBXBuildFile; fileRef = 017549E92534EC9D00487C74 /* IdentifierManager.swift */; };
		01754A102534F35A00487C74 /* RequestURL.swift in Sources */ = {isa = PBXBuildFile; fileRef = 017549E62534DBF400487C74 /* RequestURL.swift */; };
		01754A132534F35D00487C74 /* VendorIdentifier.swift in Sources */ = {isa = PBXBuildFile; fileRef = 017549EC2534EF1900487C74 /* VendorIdentifier.swift */; };
		01754A142534F35D00487C74 /* AccessibilityIdentifier.swift in Sources */ = {isa = PBXBuildFile; fileRef = 017549F22534EF7600487C74 /* AccessibilityIdentifier.swift */; };
		01754A1A2535174F00487C74 /* InvystaIdentifierTests.swift in Sources */ = {isa = PBXBuildFile; fileRef = 01754A192535174F00487C74 /* InvystaIdentifierTests.swift */; };
		01754A2225351B8600487C74 /* CustomIdentifier.swift in Sources */ = {isa = PBXBuildFile; fileRef = 01754A2125351B8600487C74 /* CustomIdentifier.swift */; };
		01817368254372E80065DB52 /* loading.json in Resources */ = {isa = PBXBuildFile; fileRef = 01817367254372E80065DB52 /* loading.json */; };
		01B4339D253A8C99001BD585 /* BrowserData.swift in Sources */ = {isa = PBXBuildFile; fileRef = 0114C797253A768100DD4DF2 /* BrowserData.swift */; };
		01ED2927255D04440033CAE2 /* pointer-black.json in Resources */ = {isa = PBXBuildFile; fileRef = 01ED2925255D04440033CAE2 /* pointer-black.json */; };
		01EFED80255F170B00B50D05 /* BaseViewController.swift in Sources */ = {isa = PBXBuildFile; fileRef = 01EFED7F255F170B00B50D05 /* BaseViewController.swift */; };
		01EFED84255F199200B50D05 /* DeviceSecurityItem.swift in Sources */ = {isa = PBXBuildFile; fileRef = 01EFED83255F199200B50D05 /* DeviceSecurityItem.swift */; };
		01EFED92255F273100B50D05 /* SettingManager.swift in Sources */ = {isa = PBXBuildFile; fileRef = 01EFED91255F273100B50D05 /* SettingManager.swift */; };
		01EFED96255F279F00B50D05 /* SettingTableViewCell.swift in Sources */ = {isa = PBXBuildFile; fileRef = 01EFED95255F279F00B50D05 /* SettingTableViewCell.swift */; };
		01EFEDA6255F52FF00B50D05 /* pointer-white.json in Resources */ = {isa = PBXBuildFile; fileRef = 01EFEDA5255F52FF00B50D05 /* pointer-white.json */; };
		01EFEDAA255F600200B50D05 /* LoadingView.swift in Sources */ = {isa = PBXBuildFile; fileRef = 01EFEDA9255F600200B50D05 /* LoadingView.swift */; };
/* End PBXBuildFile section */

/* Begin PBXContainerItemProxy section */
		01754A052534F34A00487C74 /* PBXContainerItemProxy */ = {
			isa = PBXContainerItemProxy;
			containerPortal = 017549C22534D99900487C74 /* Project object */;
			proxyType = 1;
			remoteGlobalIDString = 017549C92534D99900487C74;
			remoteInfo = Invysta;
		};
/* End PBXContainerItemProxy section */

/* Begin PBXFileReference section */
		010AD0AE256789EF00B53B2A /* FirstTimeInstallationIdentifier.swift */ = {isa = PBXFileReference; lastKnownFileType = sourcecode.swift; path = FirstTimeInstallationIdentifier.swift; sourceTree = "<group>"; };
		010AD0B225678CD700B53B2A /* CellularIdentifier.swift */ = {isa = PBXFileReference; lastKnownFileType = sourcecode.swift; path = CellularIdentifier.swift; sourceTree = "<group>"; };
		0114C797253A768100DD4DF2 /* BrowserData.swift */ = {isa = PBXFileReference; lastKnownFileType = sourcecode.swift; path = BrowserData.swift; sourceTree = "<group>"; };
		011AC40C255659C40044980C /* DeviceModelIdentifier.swift */ = {isa = PBXFileReference; lastKnownFileType = sourcecode.swift; path = DeviceModelIdentifier.swift; sourceTree = "<group>"; };
		011AC42B2557373D0044980C /* SettingsController.swift */ = {isa = PBXFileReference; lastKnownFileType = sourcecode.swift; path = SettingsController.swift; sourceTree = "<group>"; };
		011AC43F2557D2540044980C /* PrivacyPolicyItem.swift */ = {isa = PBXFileReference; lastKnownFileType = sourcecode.swift; path = PrivacyPolicyItem.swift; sourceTree = "<group>"; };
		011AC4452557D30F0044980C /* AppVersionItem.swift */ = {isa = PBXFileReference; lastKnownFileType = sourcecode.swift; path = AppVersionItem.swift; sourceTree = "<group>"; };
		012430322542704E00722112 /* FeatureFlag.swift */ = {isa = PBXFileReference; lastKnownFileType = sourcecode.swift; path = FeatureFlag.swift; sourceTree = "<group>"; };
		01243037254270AD00722112 /* FeatureFlag+BrowserData.swift */ = {isa = PBXFileReference; lastKnownFileType = sourcecode.swift; path = "FeatureFlag+BrowserData.swift"; sourceTree = "<group>"; };
		014A6E392563378000264CE3 /* InvystaViewControllerTests.swift */ = {isa = PBXFileReference; lastKnownFileType = sourcecode.swift; path = InvystaViewControllerTests.swift; sourceTree = "<group>"; };
		016BC1452565A93B007F6054 /* DeviceCheckIdentifier.swift */ = {isa = PBXFileReference; fileEncoding = 4; lastKnownFileType = sourcecode.swift; path = DeviceCheckIdentifier.swift; sourceTree = "<group>"; };
		017549CA2534D99900487C74 /* Invysta.app */ = {isa = PBXFileReference; explicitFileType = wrapper.application; includeInIndex = 0; path = Invysta.app; sourceTree = BUILT_PRODUCTS_DIR; };
		017549CD2534D99900487C74 /* AppDelegate.swift */ = {isa = PBXFileReference; lastKnownFileType = sourcecode.swift; path = AppDelegate.swift; sourceTree = "<group>"; };
		017549CF2534D99900487C74 /* SceneDelegate.swift */ = {isa = PBXFileReference; lastKnownFileType = sourcecode.swift; path = SceneDelegate.swift; sourceTree = "<group>"; };
		017549D12534D99900487C74 /* ViewController.swift */ = {isa = PBXFileReference; lastKnownFileType = sourcecode.swift; path = ViewController.swift; sourceTree = "<group>"; };
		017549D62534D99B00487C74 /* Assets.xcassets */ = {isa = PBXFileReference; lastKnownFileType = folder.assetcatalog; path = Assets.xcassets; sourceTree = "<group>"; };
		017549D92534D99B00487C74 /* Base */ = {isa = PBXFileReference; lastKnownFileType = file.storyboard; name = Base; path = Base.lproj/LaunchScreen.storyboard; sourceTree = "<group>"; };
		017549DB2534D99B00487C74 /* Info.plist */ = {isa = PBXFileReference; lastKnownFileType = text.plist.xml; path = Info.plist; sourceTree = "<group>"; };
		017549E62534DBF400487C74 /* RequestURL.swift */ = {isa = PBXFileReference; lastKnownFileType = sourcecode.swift; path = RequestURL.swift; sourceTree = "<group>"; };
		017549E92534EC9D00487C74 /* IdentifierManager.swift */ = {isa = PBXFileReference; lastKnownFileType = sourcecode.swift; path = IdentifierManager.swift; sourceTree = "<group>"; };
		017549EC2534EF1900487C74 /* VendorIdentifier.swift */ = {isa = PBXFileReference; lastKnownFileType = sourcecode.swift; path = VendorIdentifier.swift; sourceTree = "<group>"; };
		017549F22534EF7600487C74 /* AccessibilityIdentifier.swift */ = {isa = PBXFileReference; lastKnownFileType = sourcecode.swift; path = AccessibilityIdentifier.swift; sourceTree = "<group>"; };
		017549F52534F01200487C74 /* NetworkManager.swift */ = {isa = PBXFileReference; lastKnownFileType = sourcecode.swift; path = NetworkManager.swift; sourceTree = "<group>"; };
		01754A002534F34A00487C74 /* InvystaTests.xctest */ = {isa = PBXFileReference; explicitFileType = wrapper.cfbundle; includeInIndex = 0; path = InvystaTests.xctest; sourceTree = BUILT_PRODUCTS_DIR; };
		01754A022534F34A00487C74 /* InvystaNetworkTests.swift */ = {isa = PBXFileReference; lastKnownFileType = sourcecode.swift; path = InvystaNetworkTests.swift; sourceTree = "<group>"; };
		01754A042534F34A00487C74 /* Info.plist */ = {isa = PBXFileReference; lastKnownFileType = text.plist.xml; path = Info.plist; sourceTree = "<group>"; };
		01754A192535174F00487C74 /* InvystaIdentifierTests.swift */ = {isa = PBXFileReference; lastKnownFileType = sourcecode.swift; path = InvystaIdentifierTests.swift; sourceTree = "<group>"; };
		01754A2125351B8600487C74 /* CustomIdentifier.swift */ = {isa = PBXFileReference; lastKnownFileType = sourcecode.swift; path = CustomIdentifier.swift; sourceTree = "<group>"; };
		01817367254372E80065DB52 /* loading.json */ = {isa = PBXFileReference; fileEncoding = 4; lastKnownFileType = text.json; path = loading.json; sourceTree = "<group>"; };
		01A4745A25369FCD00D19006 /* Invysta.entitlements */ = {isa = PBXFileReference; lastKnownFileType = text.plist.entitlements; path = Invysta.entitlements; sourceTree = "<group>"; };
		01ED2925255D04440033CAE2 /* pointer-black.json */ = {isa = PBXFileReference; fileEncoding = 4; lastKnownFileType = text.json; path = "pointer-black.json"; sourceTree = "<group>"; };
		01EFED7F255F170B00B50D05 /* BaseViewController.swift */ = {isa = PBXFileReference; lastKnownFileType = sourcecode.swift; path = BaseViewController.swift; sourceTree = "<group>"; };
		01EFED83255F199200B50D05 /* DeviceSecurityItem.swift */ = {isa = PBXFileReference; lastKnownFileType = sourcecode.swift; path = DeviceSecurityItem.swift; sourceTree = "<group>"; };
		01EFED91255F273100B50D05 /* SettingManager.swift */ = {isa = PBXFileReference; lastKnownFileType = sourcecode.swift; path = SettingManager.swift; sourceTree = "<group>"; };
		01EFED95255F279F00B50D05 /* SettingTableViewCell.swift */ = {isa = PBXFileReference; lastKnownFileType = sourcecode.swift; path = SettingTableViewCell.swift; sourceTree = "<group>"; };
		01EFEDA5255F52FF00B50D05 /* pointer-white.json */ = {isa = PBXFileReference; fileEncoding = 4; lastKnownFileType = text.json; path = "pointer-white.json"; sourceTree = "<group>"; };
		01EFEDA9255F600200B50D05 /* LoadingView.swift */ = {isa = PBXFileReference; lastKnownFileType = sourcecode.swift; path = LoadingView.swift; sourceTree = "<group>"; };
/* End PBXFileReference section */

/* Begin PBXFrameworksBuildPhase section */
		017549C72534D99900487C74 /* Frameworks */ = {
			isa = PBXFrameworksBuildPhase;
			buildActionMask = 2147483647;
			files = (
				012774D4255FDB05009C1B8D /* Lottie in Frameworks */,
			);
			runOnlyForDeploymentPostprocessing = 0;
		};
		017549FD2534F34A00487C74 /* Frameworks */ = {
			isa = PBXFrameworksBuildPhase;
			buildActionMask = 2147483647;
			files = (
			);
			runOnlyForDeploymentPostprocessing = 0;
		};
/* End PBXFrameworksBuildPhase section */

/* Begin PBXGroup section */
		01076DEF2560956D009847D6 /* LottieFiles */ = {
			isa = PBXGroup;
			children = (
				01EFEDA5255F52FF00B50D05 /* pointer-white.json */,
				01ED2925255D04440033CAE2 /* pointer-black.json */,
				01817367254372E80065DB52 /* loading.json */,
			);
			name = LottieFiles;
			sourceTree = "<group>";
		};
		01076DF0256095B1009847D6 /* InfoSection */ = {
			isa = PBXGroup;
			children = (
				01EFED95255F279F00B50D05 /* SettingTableViewCell.swift */,
				011AC43F2557D2540044980C /* PrivacyPolicyItem.swift */,
				011AC4452557D30F0044980C /* AppVersionItem.swift */,
			);
			path = InfoSection;
			sourceTree = "<group>";
		};
		012430362542706200722112 /* FeatureFlag */ = {
			isa = PBXGroup;
			children = (
				012430322542704E00722112 /* FeatureFlag.swift */,
				01243037254270AD00722112 /* FeatureFlag+BrowserData.swift */,
			);
			name = FeatureFlag;
			sourceTree = "<group>";
		};
		017549C12534D99900487C74 = {
			isa = PBXGroup;
			children = (
				017549CC2534D99900487C74 /* Invysta */,
				01754A012534F34A00487C74 /* InvystaTests */,
				017549CB2534D99900487C74 /* Products */,
			);
			sourceTree = "<group>";
		};
		017549CB2534D99900487C74 /* Products */ = {
			isa = PBXGroup;
			children = (
				017549CA2534D99900487C74 /* Invysta.app */,
				01754A002534F34A00487C74 /* InvystaTests.xctest */,
			);
			name = Products;
			sourceTree = "<group>";
		};
		017549CC2534D99900487C74 /* Invysta */ = {
			isa = PBXGroup;
			children = (
				01A4745A25369FCD00D19006 /* Invysta.entitlements */,
				01076DEF2560956D009847D6 /* LottieFiles */,
				017549CD2534D99900487C74 /* AppDelegate.swift */,
				017549CF2534D99900487C74 /* SceneDelegate.swift */,
				017549D12534D99900487C74 /* ViewController.swift */,
				01EFED7F255F170B00B50D05 /* BaseViewController.swift */,
				01EFEDA9255F600200B50D05 /* LoadingView.swift */,
				012430362542706200722112 /* FeatureFlag */,
				01D671A425591943002FB92B /* Settings */,
				01D671A925591955002FB92B /* Model */,
				017549F82534F01E00487C74 /* Managers */,
				017549EF2534EF2300487C74 /* Identifier Source */,
				017549D62534D99B00487C74 /* Assets.xcassets */,
				017549D82534D99B00487C74 /* LaunchScreen.storyboard */,
				017549DB2534D99B00487C74 /* Info.plist */,
			);
			path = Invysta;
			sourceTree = "<group>";
		};
		017549EF2534EF2300487C74 /* Identifier Source */ = {
			isa = PBXGroup;
			children = (
				017549F22534EF7600487C74 /* AccessibilityIdentifier.swift */,
				010AD0B225678CD700B53B2A /* CellularIdentifier.swift */,
				01754A2125351B8600487C74 /* CustomIdentifier.swift */,
				016BC1452565A93B007F6054 /* DeviceCheckIdentifier.swift */,
				011AC40C255659C40044980C /* DeviceModelIdentifier.swift */,
				010AD0AE256789EF00B53B2A /* FirstTimeInstallationIdentifier.swift */,
				017549EC2534EF1900487C74 /* VendorIdentifier.swift */,
			);
			path = "Identifier Source";
			sourceTree = "<group>";
		};
		017549F82534F01E00487C74 /* Managers */ = {
			isa = PBXGroup;
			children = (
				017549F52534F01200487C74 /* NetworkManager.swift */,
				017549E92534EC9D00487C74 /* IdentifierManager.swift */,
			);
			path = Managers;
			sourceTree = "<group>";
		};
		01754A012534F34A00487C74 /* InvystaTests */ = {
			isa = PBXGroup;
			children = (
				014A6E392563378000264CE3 /* InvystaViewControllerTests.swift */,
				01754A022534F34A00487C74 /* InvystaNetworkTests.swift */,
				01754A192535174F00487C74 /* InvystaIdentifierTests.swift */,
				01754A042534F34A00487C74 /* Info.plist */,
			);
			path = InvystaTests;
			sourceTree = "<group>";
		};
		01D671A425591943002FB92B /* Settings */ = {
			isa = PBXGroup;
			children = (
				01EFED99255F283700B50D05 /* SettingController */,
				01EFED9C255F284000B50D05 /* DeviceSecuritySection */,
				01076DF0256095B1009847D6 /* InfoSection */,
			);
			path = Settings;
			sourceTree = "<group>";
		};
		01D671A925591955002FB92B /* Model */ = {
			isa = PBXGroup;
			children = (
				017549E62534DBF400487C74 /* RequestURL.swift */,
				0114C797253A768100DD4DF2 /* BrowserData.swift */,
			);
			path = Model;
			sourceTree = "<group>";
		};
		01EFED99255F283700B50D05 /* SettingController */ = {
			isa = PBXGroup;
			children = (
				011AC42B2557373D0044980C /* SettingsController.swift */,
				01EFED91255F273100B50D05 /* SettingManager.swift */,
			);
			path = SettingController;
			sourceTree = "<group>";
		};
		01EFED9C255F284000B50D05 /* DeviceSecuritySection */ = {
			isa = PBXGroup;
			children = (
				01EFED83255F199200B50D05 /* DeviceSecurityItem.swift */,
			);
			name = DeviceSecuritySection;
			sourceTree = "<group>";
		};
/* End PBXGroup section */

/* Begin PBXNativeTarget section */
		017549C92534D99900487C74 /* Invysta */ = {
			isa = PBXNativeTarget;
			buildConfigurationList = 017549DE2534D99B00487C74 /* Build configuration list for PBXNativeTarget "Invysta" */;
			buildPhases = (
				017549C62534D99900487C74 /* Sources */,
				017549C72534D99900487C74 /* Frameworks */,
				017549C82534D99900487C74 /* Resources */,
			);
			buildRules = (
			);
			dependencies = (
			);
			name = Invysta;
			packageProductDependencies = (
				012774D3255FDB05009C1B8D /* Lottie */,
			);
			productName = Invysta;
			productReference = 017549CA2534D99900487C74 /* Invysta.app */;
			productType = "com.apple.product-type.application";
		};
		017549FF2534F34A00487C74 /* InvystaTests */ = {
			isa = PBXNativeTarget;
			buildConfigurationList = 01754A072534F34A00487C74 /* Build configuration list for PBXNativeTarget "InvystaTests" */;
			buildPhases = (
				017549FC2534F34A00487C74 /* Sources */,
				017549FD2534F34A00487C74 /* Frameworks */,
				017549FE2534F34A00487C74 /* Resources */,
			);
			buildRules = (
			);
			dependencies = (
				01754A062534F34A00487C74 /* PBXTargetDependency */,
			);
			name = InvystaTests;
			productName = InvystaTests;
			productReference = 01754A002534F34A00487C74 /* InvystaTests.xctest */;
			productType = "com.apple.product-type.bundle.unit-test";
		};
/* End PBXNativeTarget section */

/* Begin PBXProject section */
		017549C22534D99900487C74 /* Project object */ = {
			isa = PBXProject;
			attributes = {
				LastSwiftUpdateCheck = 1200;
				LastUpgradeCheck = 1220;
				TargetAttributes = {
					017549C92534D99900487C74 = {
						CreatedOnToolsVersion = 12.0.1;
					};
					017549FF2534F34A00487C74 = {
						CreatedOnToolsVersion = 12.0.1;
						TestTargetID = 017549C92534D99900487C74;
					};
				};
			};
			buildConfigurationList = 017549C52534D99900487C74 /* Build configuration list for PBXProject "Invysta" */;
			compatibilityVersion = "Xcode 9.3";
			developmentRegion = en;
			hasScannedForEncodings = 0;
			knownRegions = (
				en,
				Base,
			);
			mainGroup = 017549C12534D99900487C74;
			packageReferences = (
				012774D2255FDB05009C1B8D /* XCRemoteSwiftPackageReference "lottie-ios" */,
			);
			productRefGroup = 017549CB2534D99900487C74 /* Products */;
			projectDirPath = "";
			projectRoot = "";
			targets = (
				017549C92534D99900487C74 /* Invysta */,
				017549FF2534F34A00487C74 /* InvystaTests */,
			);
		};
/* End PBXProject section */

/* Begin PBXResourcesBuildPhase section */
		017549C82534D99900487C74 /* Resources */ = {
			isa = PBXResourcesBuildPhase;
			buildActionMask = 2147483647;
			files = (
				017549DA2534D99B00487C74 /* LaunchScreen.storyboard in Resources */,
				017549D72534D99B00487C74 /* Assets.xcassets in Resources */,
				01ED2927255D04440033CAE2 /* pointer-black.json in Resources */,
				01817368254372E80065DB52 /* loading.json in Resources */,
				01EFEDA6255F52FF00B50D05 /* pointer-white.json in Resources */,
			);
			runOnlyForDeploymentPostprocessing = 0;
		};
		017549FE2534F34A00487C74 /* Resources */ = {
			isa = PBXResourcesBuildPhase;
			buildActionMask = 2147483647;
			files = (
				01076E112560987D009847D6 /* pointer-white.json in Resources */,
			);
			runOnlyForDeploymentPostprocessing = 0;
		};
/* End PBXResourcesBuildPhase section */

/* Begin PBXSourcesBuildPhase section */
		017549C62534D99900487C74 /* Sources */ = {
			isa = PBXSourcesBuildPhase;
			buildActionMask = 2147483647;
			files = (
				01EFED96255F279F00B50D05 /* SettingTableViewCell.swift in Sources */,
				017549D22534D99900487C74 /* ViewController.swift in Sources */,
				012430332542704E00722112 /* FeatureFlag.swift in Sources */,
				017549F32534EF7600487C74 /* AccessibilityIdentifier.swift in Sources */,
				010AD0AF256789EF00B53B2A /* FirstTimeInstallationIdentifier.swift in Sources */,
				01EFED80255F170B00B50D05 /* BaseViewController.swift in Sources */,
				01754A2225351B8600487C74 /* CustomIdentifier.swift in Sources */,
				011AC4462557D30F0044980C /* AppVersionItem.swift in Sources */,
				017549E72534DBF400487C74 /* RequestURL.swift in Sources */,
				01EFED92255F273100B50D05 /* SettingManager.swift in Sources */,
				017549EA2534EC9D00487C74 /* IdentifierManager.swift in Sources */,
				011AC40D255659C40044980C /* DeviceModelIdentifier.swift in Sources */,
				011AC42E2557373D0044980C /* SettingsController.swift in Sources */,
				017549F62534F01200487C74 /* NetworkManager.swift in Sources */,
				011AC4402557D2540044980C /* PrivacyPolicyItem.swift in Sources */,
				010AD0B325678CD700B53B2A /* CellularIdentifier.swift in Sources */,
				01243038254270AD00722112 /* FeatureFlag+BrowserData.swift in Sources */,
				017549CE2534D99900487C74 /* AppDelegate.swift in Sources */,
				0114C798253A768100DD4DF2 /* BrowserData.swift in Sources */,
				017549ED2534EF1900487C74 /* VendorIdentifier.swift in Sources */,
				01EFED84255F199200B50D05 /* DeviceSecurityItem.swift in Sources */,
				017549D02534D99900487C74 /* SceneDelegate.swift in Sources */,
				016BC1462565A93B007F6054 /* DeviceCheckIdentifier.swift in Sources */,
				01EFEDAA255F600200B50D05 /* LoadingView.swift in Sources */,
			);
			runOnlyForDeploymentPostprocessing = 0;
		};
		017549FC2534F34A00487C74 /* Sources */ = {
			isa = PBXSourcesBuildPhase;
			buildActionMask = 2147483647;
			files = (
				01076E032560986B009847D6 /* PrivacyPolicyItem.swift in Sources */,
				01076E042560986B009847D6 /* AppVersionItem.swift in Sources */,
				01754A0C2534F35800487C74 /* NetworkManager.swift in Sources */,
				014A6E3A2563378000264CE3 /* InvystaViewControllerTests.swift in Sources */,
				01754A1A2535174F00487C74 /* InvystaIdentifierTests.swift in Sources */,
				01076DF52560985E009847D6 /* BaseViewController.swift in Sources */,
				01B4339D253A8C99001BD585 /* BrowserData.swift in Sources */,
				01076DF42560985E009847D6 /* LoadingView.swift in Sources */,
				01076DF32560985E009847D6 /* ViewController.swift in Sources */,
				01076DFD25609866009847D6 /* SettingsController.swift in Sources */,
				01754A032534F34A00487C74 /* InvystaNetworkTests.swift in Sources */,
				01754A132534F35D00487C74 /* VendorIdentifier.swift in Sources */,
				01076DFC25609866009847D6 /* SettingManager.swift in Sources */,
				01076E052560986B009847D6 /* SettingTableViewCell.swift in Sources */,
				01076E0025609869009847D6 /* DeviceSecurityItem.swift in Sources */,
				01754A0D2534F35800487C74 /* IdentifierManager.swift in Sources */,
				01076E0A25609872009847D6 /* DeviceModelIdentifier.swift in Sources */,
				01754A102534F35A00487C74 /* RequestURL.swift in Sources */,
				01076DF825609861009847D6 /* FeatureFlag.swift in Sources */,
				01076DF925609861009847D6 /* FeatureFlag+BrowserData.swift in Sources */,
				01754A142534F35D00487C74 /* AccessibilityIdentifier.swift in Sources */,
				01076E0925609872009847D6 /* CustomIdentifier.swift in Sources */,
				01076E0E25609879009847D6 /* SceneDelegate.swift in Sources */,
			);
			runOnlyForDeploymentPostprocessing = 0;
		};
/* End PBXSourcesBuildPhase section */

/* Begin PBXTargetDependency section */
		01754A062534F34A00487C74 /* PBXTargetDependency */ = {
			isa = PBXTargetDependency;
			target = 017549C92534D99900487C74 /* Invysta */;
			targetProxy = 01754A052534F34A00487C74 /* PBXContainerItemProxy */;
		};
/* End PBXTargetDependency section */

/* Begin PBXVariantGroup section */
		017549D82534D99B00487C74 /* LaunchScreen.storyboard */ = {
			isa = PBXVariantGroup;
			children = (
				017549D92534D99B00487C74 /* Base */,
			);
			name = LaunchScreen.storyboard;
			sourceTree = "<group>";
		};
/* End PBXVariantGroup section */

/* Begin XCBuildConfiguration section */
		017549DC2534D99B00487C74 /* Debug */ = {
			isa = XCBuildConfiguration;
			buildSettings = {
				ALWAYS_SEARCH_USER_PATHS = NO;
				CLANG_ANALYZER_NONNULL = YES;
				CLANG_ANALYZER_NUMBER_OBJECT_CONVERSION = YES_AGGRESSIVE;
				CLANG_CXX_LANGUAGE_STANDARD = "gnu++14";
				CLANG_CXX_LIBRARY = "libc++";
				CLANG_ENABLE_MODULES = YES;
				CLANG_ENABLE_OBJC_ARC = YES;
				CLANG_ENABLE_OBJC_WEAK = YES;
				CLANG_WARN_BLOCK_CAPTURE_AUTORELEASING = YES;
				CLANG_WARN_BOOL_CONVERSION = YES;
				CLANG_WARN_COMMA = YES;
				CLANG_WARN_CONSTANT_CONVERSION = YES;
				CLANG_WARN_DEPRECATED_OBJC_IMPLEMENTATIONS = YES;
				CLANG_WARN_DIRECT_OBJC_ISA_USAGE = YES_ERROR;
				CLANG_WARN_DOCUMENTATION_COMMENTS = YES;
				CLANG_WARN_EMPTY_BODY = YES;
				CLANG_WARN_ENUM_CONVERSION = YES;
				CLANG_WARN_INFINITE_RECURSION = YES;
				CLANG_WARN_INT_CONVERSION = YES;
				CLANG_WARN_NON_LITERAL_NULL_CONVERSION = YES;
				CLANG_WARN_OBJC_IMPLICIT_RETAIN_SELF = YES;
				CLANG_WARN_OBJC_LITERAL_CONVERSION = YES;
				CLANG_WARN_OBJC_ROOT_CLASS = YES_ERROR;
				CLANG_WARN_QUOTED_INCLUDE_IN_FRAMEWORK_HEADER = YES;
				CLANG_WARN_RANGE_LOOP_ANALYSIS = YES;
				CLANG_WARN_STRICT_PROTOTYPES = YES;
				CLANG_WARN_SUSPICIOUS_MOVE = YES;
				CLANG_WARN_UNGUARDED_AVAILABILITY = YES_AGGRESSIVE;
				CLANG_WARN_UNREACHABLE_CODE = YES;
				CLANG_WARN__DUPLICATE_METHOD_MATCH = YES;
				COPY_PHASE_STRIP = NO;
				DEBUG_INFORMATION_FORMAT = dwarf;
				ENABLE_STRICT_OBJC_MSGSEND = YES;
				ENABLE_TESTABILITY = YES;
				GCC_C_LANGUAGE_STANDARD = gnu11;
				GCC_DYNAMIC_NO_PIC = NO;
				GCC_NO_COMMON_BLOCKS = YES;
				GCC_OPTIMIZATION_LEVEL = 0;
				GCC_PREPROCESSOR_DEFINITIONS = (
					"DEBUG=1",
					"$(inherited)",
				);
				GCC_WARN_64_TO_32_BIT_CONVERSION = YES;
				GCC_WARN_ABOUT_RETURN_TYPE = YES_ERROR;
				GCC_WARN_UNDECLARED_SELECTOR = YES;
				GCC_WARN_UNINITIALIZED_AUTOS = YES_AGGRESSIVE;
				GCC_WARN_UNUSED_FUNCTION = YES;
				GCC_WARN_UNUSED_VARIABLE = YES;
				IPHONEOS_DEPLOYMENT_TARGET = 12.0;
				MTL_ENABLE_DEBUG_INFO = INCLUDE_SOURCE;
				MTL_FAST_MATH = YES;
				ONLY_ACTIVE_ARCH = YES;
				SDKROOT = iphoneos;
				SWIFT_ACTIVE_COMPILATION_CONDITIONS = DEBUG;
				SWIFT_OPTIMIZATION_LEVEL = "-Onone";
			};
			name = Debug;
		};
		017549DD2534D99B00487C74 /* Release */ = {
			isa = XCBuildConfiguration;
			buildSettings = {
				ALWAYS_SEARCH_USER_PATHS = NO;
				CLANG_ANALYZER_NONNULL = YES;
				CLANG_ANALYZER_NUMBER_OBJECT_CONVERSION = YES_AGGRESSIVE;
				CLANG_CXX_LANGUAGE_STANDARD = "gnu++14";
				CLANG_CXX_LIBRARY = "libc++";
				CLANG_ENABLE_MODULES = YES;
				CLANG_ENABLE_OBJC_ARC = YES;
				CLANG_ENABLE_OBJC_WEAK = YES;
				CLANG_WARN_BLOCK_CAPTURE_AUTORELEASING = YES;
				CLANG_WARN_BOOL_CONVERSION = YES;
				CLANG_WARN_COMMA = YES;
				CLANG_WARN_CONSTANT_CONVERSION = YES;
				CLANG_WARN_DEPRECATED_OBJC_IMPLEMENTATIONS = YES;
				CLANG_WARN_DIRECT_OBJC_ISA_USAGE = YES_ERROR;
				CLANG_WARN_DOCUMENTATION_COMMENTS = YES;
				CLANG_WARN_EMPTY_BODY = YES;
				CLANG_WARN_ENUM_CONVERSION = YES;
				CLANG_WARN_INFINITE_RECURSION = YES;
				CLANG_WARN_INT_CONVERSION = YES;
				CLANG_WARN_NON_LITERAL_NULL_CONVERSION = YES;
				CLANG_WARN_OBJC_IMPLICIT_RETAIN_SELF = YES;
				CLANG_WARN_OBJC_LITERAL_CONVERSION = YES;
				CLANG_WARN_OBJC_ROOT_CLASS = YES_ERROR;
				CLANG_WARN_QUOTED_INCLUDE_IN_FRAMEWORK_HEADER = YES;
				CLANG_WARN_RANGE_LOOP_ANALYSIS = YES;
				CLANG_WARN_STRICT_PROTOTYPES = YES;
				CLANG_WARN_SUSPICIOUS_MOVE = YES;
				CLANG_WARN_UNGUARDED_AVAILABILITY = YES_AGGRESSIVE;
				CLANG_WARN_UNREACHABLE_CODE = YES;
				CLANG_WARN__DUPLICATE_METHOD_MATCH = YES;
				COPY_PHASE_STRIP = NO;
				DEBUG_INFORMATION_FORMAT = "dwarf-with-dsym";
				ENABLE_NS_ASSERTIONS = NO;
				ENABLE_STRICT_OBJC_MSGSEND = YES;
				GCC_C_LANGUAGE_STANDARD = gnu11;
				GCC_NO_COMMON_BLOCKS = YES;
				GCC_WARN_64_TO_32_BIT_CONVERSION = YES;
				GCC_WARN_ABOUT_RETURN_TYPE = YES_ERROR;
				GCC_WARN_UNDECLARED_SELECTOR = YES;
				GCC_WARN_UNINITIALIZED_AUTOS = YES_AGGRESSIVE;
				GCC_WARN_UNUSED_FUNCTION = YES;
				GCC_WARN_UNUSED_VARIABLE = YES;
				IPHONEOS_DEPLOYMENT_TARGET = 12.0;
				MTL_ENABLE_DEBUG_INFO = NO;
				MTL_FAST_MATH = YES;
				SDKROOT = iphoneos;
				SWIFT_COMPILATION_MODE = wholemodule;
				SWIFT_OPTIMIZATION_LEVEL = "-O";
				VALIDATE_PRODUCT = YES;
			};
			name = Release;
		};
		017549DF2534D99B00487C74 /* Debug */ = {
			isa = XCBuildConfiguration;
			buildSettings = {
				ASSETCATALOG_COMPILER_APPICON_NAME = AppIcon;
				ASSETCATALOG_COMPILER_GLOBAL_ACCENT_COLOR_NAME = AccentColor;
				CODE_SIGN_ENTITLEMENTS = Invysta/Invysta.entitlements;
				CODE_SIGN_STYLE = Automatic;
				DEVELOPMENT_TEAM = R986STKYJ7;
				INFOPLIST_FILE = Invysta/Info.plist;
				IPHONEOS_DEPLOYMENT_TARGET = 11.0;
				LD_RUNPATH_SEARCH_PATHS = (
					"$(inherited)",
					"@executable_path/Frameworks",
				);
				PRODUCT_BUNDLE_IDENTIFIER = com.InvystaTechnologyGroup.Invysta;
				PRODUCT_NAME = "$(TARGET_NAME)";
				SUPPORTS_MACCATALYST = NO;
				SWIFT_VERSION = 5.0;
				TARGETED_DEVICE_FAMILY = "1,2";
			};
			name = Debug;
		};
		017549E02534D99B00487C74 /* Release */ = {
			isa = XCBuildConfiguration;
			buildSettings = {
				ASSETCATALOG_COMPILER_APPICON_NAME = AppIcon;
				ASSETCATALOG_COMPILER_GLOBAL_ACCENT_COLOR_NAME = AccentColor;
				CODE_SIGN_ENTITLEMENTS = Invysta/Invysta.entitlements;
				CODE_SIGN_STYLE = Automatic;
				DEVELOPMENT_TEAM = R986STKYJ7;
				INFOPLIST_FILE = Invysta/Info.plist;
				IPHONEOS_DEPLOYMENT_TARGET = 11.0;
				LD_RUNPATH_SEARCH_PATHS = (
					"$(inherited)",
					"@executable_path/Frameworks",
				);
				PRODUCT_BUNDLE_IDENTIFIER = com.InvystaTechnologyGroup.Invysta;
				PRODUCT_NAME = "$(TARGET_NAME)";
				SUPPORTS_MACCATALYST = NO;
				SWIFT_VERSION = 5.0;
				TARGETED_DEVICE_FAMILY = "1,2";
			};
			name = Release;
		};
		01754A082534F34A00487C74 /* Debug */ = {
			isa = XCBuildConfiguration;
			buildSettings = {
				BUNDLE_LOADER = "$(TEST_HOST)";
				CODE_SIGN_STYLE = Automatic;
				DEVELOPMENT_TEAM = R986STKYJ7;
				INFOPLIST_FILE = InvystaTests/Info.plist;
				LD_RUNPATH_SEARCH_PATHS = (
					"$(inherited)",
					"@executable_path/Frameworks",
					"@loader_path/Frameworks",
				);
				PRODUCT_BUNDLE_IDENTIFIER = com.InvystaTechnologyGroup.InvystaTests;
				PRODUCT_NAME = "$(TARGET_NAME)";
				SWIFT_VERSION = 5.0;
				TARGETED_DEVICE_FAMILY = "1,2";
				TEST_HOST = "$(BUILT_PRODUCTS_DIR)/Invysta.app/Invysta";
			};
			name = Debug;
		};
		01754A092534F34A00487C74 /* Release */ = {
			isa = XCBuildConfiguration;
			buildSettings = {
				BUNDLE_LOADER = "$(TEST_HOST)";
				CODE_SIGN_STYLE = Automatic;
				DEVELOPMENT_TEAM = R986STKYJ7;
				INFOPLIST_FILE = InvystaTests/Info.plist;
				LD_RUNPATH_SEARCH_PATHS = (
					"$(inherited)",
					"@executable_path/Frameworks",
					"@loader_path/Frameworks",
				);
				PRODUCT_BUNDLE_IDENTIFIER = com.InvystaTechnologyGroup.InvystaTests;
				PRODUCT_NAME = "$(TARGET_NAME)";
				SWIFT_VERSION = 5.0;
				TARGETED_DEVICE_FAMILY = "1,2";
				TEST_HOST = "$(BUILT_PRODUCTS_DIR)/Invysta.app/Invysta";
			};
			name = Release;
		};
/* End XCBuildConfiguration section */

/* Begin XCConfigurationList section */
		017549C52534D99900487C74 /* Build configuration list for PBXProject "Invysta" */ = {
			isa = XCConfigurationList;
			buildConfigurations = (
				017549DC2534D99B00487C74 /* Debug */,
				017549DD2534D99B00487C74 /* Release */,
			);
			defaultConfigurationIsVisible = 0;
			defaultConfigurationName = Release;
		};
		017549DE2534D99B00487C74 /* Build configuration list for PBXNativeTarget "Invysta" */ = {
			isa = XCConfigurationList;
			buildConfigurations = (
				017549DF2534D99B00487C74 /* Debug */,
				017549E02534D99B00487C74 /* Release */,
			);
			defaultConfigurationIsVisible = 0;
			defaultConfigurationName = Release;
		};
		01754A072534F34A00487C74 /* Build configuration list for PBXNativeTarget "InvystaTests" */ = {
			isa = XCConfigurationList;
			buildConfigurations = (
				01754A082534F34A00487C74 /* Debug */,
				01754A092534F34A00487C74 /* Release */,
			);
			defaultConfigurationIsVisible = 0;
			defaultConfigurationName = Release;
		};
/* End XCConfigurationList section */

/* Begin XCRemoteSwiftPackageReference section */
		012774D2255FDB05009C1B8D /* XCRemoteSwiftPackageReference "lottie-ios" */ = {
			isa = XCRemoteSwiftPackageReference;
			repositoryURL = "https://github.com/airbnb/lottie-ios.git";
			requirement = {
				kind = upToNextMajorVersion;
				minimumVersion = 3.1.9;
			};
		};
/* End XCRemoteSwiftPackageReference section */

/* Begin XCSwiftPackageProductDependency section */
		012774D3255FDB05009C1B8D /* Lottie */ = {
			isa = XCSwiftPackageProductDependency;
			package = 012774D2255FDB05009C1B8D /* XCRemoteSwiftPackageReference "lottie-ios" */;
			productName = Lottie;
		};
/* End XCSwiftPackageProductDependency section */
	};
	rootObject = 017549C22534D99900487C74 /* Project object */;
}
