{
  "object": {
    "pins": [
      {
        "package": "InvystaCore",
        "repositoryURL": "https://github.com/Invysta/InvystaCore.git",
        "state": {
          "branch": null,
          "revision": "48c6629ce2adaabb729d01df1715097ffdad64eb",
          "version": "1.0.2"
        }
      },
      {
        "package": "Lottie",
        "repositoryURL": "https://github.com/airbnb/lottie-ios.git",
        "state": {
          "branch": null,
          "revision": "79a0b70547f7c40ea54c67487f935fa2f2eaaadc",
          "version": "3.2.3"
        }
      }
    ]
  },
  "version": 1
}
