{
  "object": {
    "pins": [
      {
        "package": "Invysta-Framework",
        "repositoryURL": "https://github.com/cgarcia090/Invysta-Framework",
        "state": {
          "branch": null,
          "revision": "08a7508b46d99b1b703ba083859421565c285a52",
          "version": "0.2.3"
        }
      },
      {
        "package": "Lottie",
        "repositoryURL": "https://github.com/airbnb/lottie-ios.git",
        "state": {
          "branch": null,
          "revision": "b3c60ba1716baab6faeeb217d8ce1da336f92718",
          "version": "3.2.1"
        }
      }
    ]
  },
  "version": 1
}
